PODS:
  - Actions (3.0.1)
  - Alamofire (5.4.0)
  - AwaitToast (1.2.0)
  - CardScanner (0.1.2)
  - Cosmos (23.0.0)
  - DropDown (2.3.13)
  - IQKeyboardManager (6.5.6)
  - LanguageManager-iOS (1.2.0)
  - Moya (14.0.0):
    - Moya/Core (= 14.0.0)
  - Moya/Core (14.0.0):
    - Alamofire (~> 5.0)
  - NVActivityIndicatorView (5.1.1):
    - NVActivityIndicatorView/Base (= 5.1.1)
  - NVActivityIndicatorView/Base (5.1.1)
  - SDWebImage (5.9.4):
    - SDWebImage/Core (= 5.9.4)
  - SDWebImage/Core (5.9.4)
  - ValidationTextField (1.0.4)

DEPENDENCIES:
  - Actions
  - AwaitToast
  - CardScanner
  - Cosmos
  - DropDown
  - IQKeyboardManager
  - LanguageManager-iOS
  - Moya
  - NVActivityIndicatorView
  - SDWebImage (~> 5.0)
  - ValidationTextField

SPEC REPOS:
  trunk:
    - Actions
    - Alamofire
    - AwaitToast
    - CardScanner
    - Cosmos
    - DropDown
    - IQKeyboardManager
    - LanguageManager-iOS
    - Moya
    - NVActivityIndicatorView
    - SDWebImage
    - ValidationTextField

SPEC CHECKSUMS:
  Actions: 696288b71e88903a69ec8d04123df05ad16125dc
  Alamofire: 3b6a534a3df22db367e4dedeeca73d1ddfcf0e2f
  AwaitToast: 87bbcebcec9b45f530c88e3f38ef0d247f888705
  CardScanner: bfc18d8518a6c8d2817137816338e86156e4a2c4
  Cosmos: b5c6a9a637e28a061b54c8f8b1d8529d7d4db73f
  DropDown: 8a2116376c1981888557f72ec2ffc9a5e0e456ec
  IQKeyboardManager: 2a6e97afdafc7becf0cb17a9a8d795e3a980717f
  LanguageManager-iOS: 516c4f088435c83cbdbddfc5179f88e4e0d39eb4
  Moya: 5b45dacb75adb009f97fde91c204c1e565d31916
  NVActivityIndicatorView: 1f6c5687f1171810aa27a3296814dc2d7dec3667
  SDWebImage: b69257f4ab14e9b6a2ef53e910fdf914d8f757c1
  ValidationTextField: 91bc04170ba4b4358912c372e12d7af4c9143ad5

PODFILE CHECKSUM: 59de679831697e8eb243a5f37f20c66a68befe2f

COCOAPODS: 1.10.0
