// !$*UTF8*$!
{
	archiveVersion = 1;
	classes = {
	};
	objectVersion = 52;
	objects = {

/* Begin PBXBuildFile section */
		1DB82D71E9947F4E954F2EAB /* Pods_talabyeh_talabyehUITests.framework in Frameworks */ = {isa = PBXBuildFile; fileRef = CD0E2B1636889447B2D74FE0 /* Pods_talabyeh_talabyehUITests.framework */; };
		2A1EE79FF68369F4CA5D3A77 /* Pods_talabyehTests.framework in Frameworks */ = {isa = PBXBuildFile; fileRef = 05FE4E8241006F1C906DB477 /* Pods_talabyehTests.framework */; };
		CC20C5899017F17D235D43A6 /* Pods_talabyeh.framework in Frameworks */ = {isa = PBXBuildFile; fileRef = 3EC09FED4C8A6910C1D7CDCF /* Pods_talabyeh.framework */; };
		E4000C91255BFF5900E89ABB /* MarketCoordinator.swift in Sources */ = {isa = PBXBuildFile; fileRef = E4000C90255BFF5900E89ABB /* MarketCoordinator.swift */; };
		E4000C99255C00B000E89ABB /* ProfileCoordinator.swift in Sources */ = {isa = PBXBuildFile; fileRef = E4000C98255C00B000E89ABB /* ProfileCoordinator.swift */; };
		E4000CA1255C020800E89ABB /* ProfileTableViewCell.swift in Sources */ = {isa = PBXBuildFile; fileRef = E4000CA0255C020800E89ABB /* ProfileTableViewCell.swift */; };
		E4000CA6255C050D00E89ABB /* NSObject+Traits.swift in Sources */ = {isa = PBXBuildFile; fileRef = E4000CA5255C050D00E89ABB /* NSObject+Traits.swift */; };
		E4000CBC255C089800E89ABB /* ItemCell.swift in Sources */ = {isa = PBXBuildFile; fileRef = E4000CBB255C089800E89ABB /* ItemCell.swift */; };
		E4000CC1255C08AA00E89ABB /* ItemCell2.swift in Sources */ = {isa = PBXBuildFile; fileRef = E4000CC0255C08AA00E89ABB /* ItemCell2.swift */; };
		E4000CC6255C08DF00E89ABB /* MarketCategoryCell.swift in Sources */ = {isa = PBXBuildFile; fileRef = E4000CC5255C08DF00E89ABB /* MarketCategoryCell.swift */; };
		E4000CCB255C090D00E89ABB /* ResultsController.swift in Sources */ = {isa = PBXBuildFile; fileRef = E4000CCA255C090D00E89ABB /* ResultsController.swift */; };
		E4000CD3255C095900E89ABB /* AuthenticationCoordinator.swift in Sources */ = {isa = PBXBuildFile; fileRef = E4000CD2255C095900E89ABB /* AuthenticationCoordinator.swift */; };
		E4000CDF255C106700E89ABB /* PickerPlaceholderView.swift in Sources */ = {isa = PBXBuildFile; fileRef = E4000CDE255C106700E89ABB /* PickerPlaceholderView.swift */; };
		E4000CE7255C121900E89ABB /* UIStackView+Additions.swift in Sources */ = {isa = PBXBuildFile; fileRef = E4000CE6255C121900E89ABB /* UIStackView+Additions.swift */; };
		E4000CEC255C153300E89ABB /* Authentication.storyboard in Resources */ = {isa = PBXBuildFile; fileRef = E4000CEB255C153300E89ABB /* Authentication.storyboard */; };
		E4000CF7255C174600E89ABB /* CoordinatorTransitionType.swift in Sources */ = {isa = PBXBuildFile; fileRef = E4000CF6255C174600E89ABB /* CoordinatorTransitionType.swift */; };
		E4151D7525626904009F1D45 /* TimeRangePickerTextField.swift in Sources */ = {isa = PBXBuildFile; fileRef = E4151D7425626904009F1D45 /* TimeRangePickerTextField.swift */; };
		E4151D7A25626910009F1D45 /* WeekdaysRangePickerTextField.swift in Sources */ = {isa = PBXBuildFile; fileRef = E4151D7925626910009F1D45 /* WeekdaysRangePickerTextField.swift */; };
		E450C2492563CA3600F6F392 /* DistributersListCoordinator.swift in Sources */ = {isa = PBXBuildFile; fileRef = E450C2482563CA3600F6F392 /* DistributersListCoordinator.swift */; };
		E450C24E2563CA5800F6F392 /* DistributersListViewController.swift in Sources */ = {isa = PBXBuildFile; fileRef = E450C24D2563CA5800F6F392 /* DistributersListViewController.swift */; };
		E450C2542563CFE500F6F392 /* DistributerCollectionViewCell.swift in Sources */ = {isa = PBXBuildFile; fileRef = E450C2532563CFE500F6F392 /* DistributerCollectionViewCell.swift */; };
		E496B249255B214C001BEC0F /* FontProviderType.swift in Sources */ = {isa = PBXBuildFile; fileRef = E496B248255B214C001BEC0F /* FontProviderType.swift */; };
		E496B260255B22A2001BEC0F /* SignUpCategoriesListView.swift in Sources */ = {isa = PBXBuildFile; fileRef = E496B25F255B22A2001BEC0F /* SignUpCategoriesListView.swift */; };
		E496B2A4255B2730001BEC0F /* ColorsProviderType.swift in Sources */ = {isa = PBXBuildFile; fileRef = E496B2A3255B2730001BEC0F /* ColorsProviderType.swift */; };
		E496B2AC255B2771001BEC0F /* UIColor+Additions.swift in Sources */ = {isa = PBXBuildFile; fileRef = E496B2AB255B2771001BEC0F /* UIColor+Additions.swift */; };
		E496B2B6255B28C0001BEC0F /* UIView+Additions.swift in Sources */ = {isa = PBXBuildFile; fileRef = E496B2B5255B28C0001BEC0F /* UIView+Additions.swift */; };
		E496B2C5255B29A3001BEC0F /* InsetedTextField.swift in Sources */ = {isa = PBXBuildFile; fileRef = E496B2C4255B29A3001BEC0F /* InsetedTextField.swift */; };
		E496B2CA255B2ABF001BEC0F /* ValidationTextField.swift in Sources */ = {isa = PBXBuildFile; fileRef = E496B2C9255B2ABF001BEC0F /* ValidationTextField.swift */; };
		E496B2CF255B2B10001BEC0F /* BorderedTextField.swift in Sources */ = {isa = PBXBuildFile; fileRef = E496B2CE255B2B10001BEC0F /* BorderedTextField.swift */; };
		E496B2D8255B2D3F001BEC0F /* BackButton.swift in Sources */ = {isa = PBXBuildFile; fileRef = E496B2D7255B2D3F001BEC0F /* BackButton.swift */; };
		E496B2DD255B2D44001BEC0F /* BorderedButton.swift in Sources */ = {isa = PBXBuildFile; fileRef = E496B2DC255B2D44001BEC0F /* BorderedButton.swift */; };
		E496B2E2255B2D4A001BEC0F /* ActionButton.swift in Sources */ = {isa = PBXBuildFile; fileRef = E496B2E1255B2D4A001BEC0F /* ActionButton.swift */; };
		E496B2F1255B2ED9001BEC0F /* GeneralRoutes.swift in Sources */ = {isa = PBXBuildFile; fileRef = E496B2F0255B2ED9001BEC0F /* GeneralRoutes.swift */; };
		E496B2F9255B2FBB001BEC0F /* NetworkConfiguration.swift in Sources */ = {isa = PBXBuildFile; fileRef = E496B2F8255B2FBB001BEC0F /* NetworkConfiguration.swift */; };
		E496B2FE255B3088001BEC0F /* Moya+DefaultProvider.swift in Sources */ = {isa = PBXBuildFile; fileRef = E496B2FD255B3088001BEC0F /* Moya+DefaultProvider.swift */; };
		E4A670392563AAF60057083C /* ProfileMenuItem.swift in Sources */ = {isa = PBXBuildFile; fileRef = E4A670382563AAF60057083C /* ProfileMenuItem.swift */; };
		E4A670452563B3980057083C /* PaymentCardValidator.swift in Sources */ = {isa = PBXBuildFile; fileRef = E4A670442563B3980057083C /* PaymentCardValidator.swift */; };
		E4A6704A2563B52A0057083C /* MonthPickerTextField.swift in Sources */ = {isa = PBXBuildFile; fileRef = E4A670492563B52A0057083C /* MonthPickerTextField.swift */; };
		E4A6704F2563B5310057083C /* YearPickerTextField.swift in Sources */ = {isa = PBXBuildFile; fileRef = E4A6704E2563B5310057083C /* YearPickerTextField.swift */; };
		E4A670702563C2A60057083C /* CreditCardNumberTextField.swift in Sources */ = {isa = PBXBuildFile; fileRef = E4A6706F2563C2A60057083C /* CreditCardNumberTextField.swift */; };
		E4A670782563C3580057083C /* UIViewController+Extensions.swift in Sources */ = {isa = PBXBuildFile; fileRef = E4A670772563C3580057083C /* UIViewController+Extensions.swift */; };
		E4C705AB255BB06E00DD29E3 /* ScreenBlockingLoaderType.swift in Sources */ = {isa = PBXBuildFile; fileRef = E4C705AA255BB06E00DD29E3 /* ScreenBlockingLoaderType.swift */; };
		E4C705B0255BB18100DD29E3 /* ScreenMessagePresenterType.swift in Sources */ = {isa = PBXBuildFile; fileRef = E4C705AF255BB18100DD29E3 /* ScreenMessagePresenterType.swift */; };
		E4C705C6255BB2FA00DD29E3 /* UISearchBar+Additions.swift in Sources */ = {isa = PBXBuildFile; fileRef = E4C705C5255BB2FA00DD29E3 /* UISearchBar+Additions.swift */; };
		E4C705EC255BBD6100DD29E3 /* UIImage+Addtions.swift in Sources */ = {isa = PBXBuildFile; fileRef = E4C705EB255BBD6100DD29E3 /* UIImage+Addtions.swift */; };
		E4C705F2255BBF5400DD29E3 /* CoordinatorType.swift in Sources */ = {isa = PBXBuildFile; fileRef = E4C705F1255BBF5400DD29E3 /* CoordinatorType.swift */; };
		E4C705F7255BBF8200DD29E3 /* TabBarCoordinator.swift in Sources */ = {isa = PBXBuildFile; fileRef = E4C705F6255BBF8200DD29E3 /* TabBarCoordinator.swift */; };
		E4C70603255BBFCD00DD29E3 /* TabBarController.swift in Sources */ = {isa = PBXBuildFile; fileRef = E4C70602255BBFCD00DD29E3 /* TabBarController.swift */; };
		E4C70608255BBFFC00DD29E3 /* NavigationController.swift in Sources */ = {isa = PBXBuildFile; fileRef = E4C70607255BBFFC00DD29E3 /* NavigationController.swift */; };
		E4C7060D255BC43600DD29E3 /* ReusableCell.swift in Sources */ = {isa = PBXBuildFile; fileRef = E4C7060C255BC43600DD29E3 /* ReusableCell.swift */; };
		E4C70612255BC44900DD29E3 /* NibInstantiatable.swift in Sources */ = {isa = PBXBuildFile; fileRef = E4C70611255BC44900DD29E3 /* NibInstantiatable.swift */; };
		E4C70617255BC45800DD29E3 /* Identifiable.swift in Sources */ = {isa = PBXBuildFile; fileRef = E4C70616255BC45800DD29E3 /* Identifiable.swift */; };
		E4CB73FF255D158E0017A499 /* ValidationError.swift in Sources */ = {isa = PBXBuildFile; fileRef = E4CB73FE255D158E0017A499 /* ValidationError.swift */; };
		E4CB7407255D15B60017A499 /* ValidatorType.swift in Sources */ = {isa = PBXBuildFile; fileRef = E4CB7406255D15B60017A499 /* ValidatorType.swift */; };
		E4CB740C255D18610017A499 /* PasswordTextField.swift in Sources */ = {isa = PBXBuildFile; fileRef = E4CB740B255D18610017A499 /* PasswordTextField.swift */; };
		E4CB7414255D19B20017A499 /* Validators.swift in Sources */ = {isa = PBXBuildFile; fileRef = E4CB7413255D19B20017A499 /* Validators.swift */; };
		E4CB7419255D20C80017A499 /* PickerTextField.swift in Sources */ = {isa = PBXBuildFile; fileRef = E4CB7418255D20C80017A499 /* PickerTextField.swift */; };
		E4CB7423255D23450017A499 /* ScrollContainerView.swift in Sources */ = {isa = PBXBuildFile; fileRef = E4CB7422255D23450017A499 /* ScrollContainerView.swift */; };
		E4E68106255D3B570051D52D /* ImagePickerController.swift in Sources */ = {isa = PBXBuildFile; fileRef = E4E68105255D3B570051D52D /* ImagePickerController.swift */; };
		E4E6810B255D3B700051D52D /* LocationPickerController.swift in Sources */ = {isa = PBXBuildFile; fileRef = E4E6810A255D3B700051D52D /* LocationPickerController.swift */; };
		E4E6811F255D40080051D52D /* BottomNextButtonView.swift in Sources */ = {isa = PBXBuildFile; fileRef = E4E6811E255D40080051D52D /* BottomNextButtonView.swift */; };
		E4E68139255D435E0051D52D /* LocationSearchHistoryManager.swift in Sources */ = {isa = PBXBuildFile; fileRef = E4E68135255D435D0051D52D /* LocationSearchHistoryManager.swift */; };
		E4E6813A255D435E0051D52D /* LocationSearchResultsViewController.swift in Sources */ = {isa = PBXBuildFile; fileRef = E4E68136255D435E0051D52D /* LocationSearchResultsViewController.swift */; };
		E4E6813B255D435E0051D52D /* LocationPickerViewController.swift in Sources */ = {isa = PBXBuildFile; fileRef = E4E68137255D435E0051D52D /* LocationPickerViewController.swift */; };
		E4E6813C255D435E0051D52D /* Location.swift in Sources */ = {isa = PBXBuildFile; fileRef = E4E68138255D435E0051D52D /* Location.swift */; };
		E4E68147255D481D0051D52D /* SampleSignupViewController.swift in Sources */ = {isa = PBXBuildFile; fileRef = E4E68146255D481D0051D52D /* SampleSignupViewController.swift */; };
		E4FF498C2560F43900B4CBC4 /* NewDistributerViewController.swift in Sources */ = {isa = PBXBuildFile; fileRef = E4FF498B2560F43900B4CBC4 /* NewDistributerViewController.swift */; };
		E4FF49942560F45800B4CBC4 /* NewDistributerContentView.swift in Sources */ = {isa = PBXBuildFile; fileRef = E4FF49932560F45800B4CBC4 /* NewDistributerContentView.swift */; };
		E4FF49992561021F00B4CBC4 /* BasicTextField.swift in Sources */ = {isa = PBXBuildFile; fileRef = E4FF49982561021F00B4CBC4 /* BasicTextField.swift */; };
		E4FF49A12561087700B4CBC4 /* NewDistributerViewController+Cards.swift in Sources */ = {isa = PBXBuildFile; fileRef = E4FF49A02561087700B4CBC4 /* NewDistributerViewController+Cards.swift */; };
		E4FF49A6256115CA00B4CBC4 /* NumbersTextFields.swift in Sources */ = {isa = PBXBuildFile; fileRef = E4FF49A5256115CA00B4CBC4 /* NumbersTextFields.swift */; };
		F93B1FE225373DAE00E48657 /* SignUpCategoriesListViewController.swift in Sources */ = {isa = PBXBuildFile; fileRef = F93B1FE125373DAE00E48657 /* SignUpCategoriesListViewController.swift */; };
		F94608EE2545D91600C74D95 /* ProfilePageView.swift in Sources */ = {isa = PBXBuildFile; fileRef = F94608ED2545D91600C74D95 /* ProfilePageView.swift */; };
		F94608F32545D92B00C74D95 /* ProfilePageViewController.swift in Sources */ = {isa = PBXBuildFile; fileRef = F94608F22545D92B00C74D95 /* ProfilePageViewController.swift */; };
		F9571B9F252CEA700090C285 /* SFUIDisplay-Heavy.ttf in Resources */ = {isa = PBXBuildFile; fileRef = F9571B8F252CEA700090C285 /* SFUIDisplay-Heavy.ttf */; };
		F9571BA0252CEA700090C285 /* SFUIDisplay-Light.ttf in Resources */ = {isa = PBXBuildFile; fileRef = F9571B90252CEA700090C285 /* SFUIDisplay-Light.ttf */; };
		F9571BA1252CEA700090C285 /* SFUIDisplay-Semibold.ttf in Resources */ = {isa = PBXBuildFile; fileRef = F9571B91252CEA700090C285 /* SFUIDisplay-Semibold.ttf */; };
		F9571BA2252CEA700090C285 /* SFUIDisplay-Ultralight.ttf in Resources */ = {isa = PBXBuildFile; fileRef = F9571B92252CEA700090C285 /* SFUIDisplay-Ultralight.ttf */; };
		F9571BA3252CEA700090C285 /* SFUIDisplay-Bold.ttf in Resources */ = {isa = PBXBuildFile; fileRef = F9571B93252CEA700090C285 /* SFUIDisplay-Bold.ttf */; };
		F9571BA4252CEA700090C285 /* SFUIDisplay-Thin.ttf in Resources */ = {isa = PBXBuildFile; fileRef = F9571B94252CEA700090C285 /* SFUIDisplay-Thin.ttf */; };
		F9571BA5252CEA700090C285 /* SFUIDisplay-Medium.ttf in Resources */ = {isa = PBXBuildFile; fileRef = F9571B95252CEA700090C285 /* SFUIDisplay-Medium.ttf */; };
		F9571BA6252CEA700090C285 /* SFUIDisplay-Black.ttf in Resources */ = {isa = PBXBuildFile; fileRef = F9571B96252CEA700090C285 /* SFUIDisplay-Black.ttf */; };
		F9571BA7252CEA700090C285 /* DIN NEXT™ ARABIC MEDIUM .otf in Resources */ = {isa = PBXBuildFile; fileRef = F9571B98252CEA700090C285 /* DIN NEXT™ ARABIC MEDIUM .otf */; };
		F9571BA8252CEA700090C285 /* DIN NEXT™ ARABIC BLACK.otf in Resources */ = {isa = PBXBuildFile; fileRef = F9571B99252CEA700090C285 /* DIN NEXT™ ARABIC BLACK.otf */; };
		F9571BA9252CEA700090C285 /* DIN NEXT™ ARABIC ULTRALIGHT.otf in Resources */ = {isa = PBXBuildFile; fileRef = F9571B9A252CEA700090C285 /* DIN NEXT™ ARABIC ULTRALIGHT.otf */; };
		F9571BAA252CEA700090C285 /* DIN NEXT™ ARABIC REGULAR.otf in Resources */ = {isa = PBXBuildFile; fileRef = F9571B9B252CEA700090C285 /* DIN NEXT™ ARABIC REGULAR.otf */; };
		F9571BAB252CEA700090C285 /* DIN NEXT™ ARABIC HEAVY.otf in Resources */ = {isa = PBXBuildFile; fileRef = F9571B9C252CEA700090C285 /* DIN NEXT™ ARABIC HEAVY.otf */; };
		F9571BAC252CEA700090C285 /* DIN NEXT™ ARABIC BOLD.otf in Resources */ = {isa = PBXBuildFile; fileRef = F9571B9D252CEA700090C285 /* DIN NEXT™ ARABIC BOLD.otf */; };
		F9571BAD252CEA700090C285 /* DIN NEXT™ ARABIC LIGHT.otf in Resources */ = {isa = PBXBuildFile; fileRef = F9571B9E252CEA700090C285 /* DIN NEXT™ ARABIC LIGHT.otf */; };
		F96B85202529A05800CEDCF8 /* AppDelegate.swift in Sources */ = {isa = PBXBuildFile; fileRef = F96B851F2529A05800CEDCF8 /* AppDelegate.swift */; };
		F96B85242529A05800CEDCF8 /* RegistrationViewController.swift in Sources */ = {isa = PBXBuildFile; fileRef = F96B85232529A05800CEDCF8 /* RegistrationViewController.swift */; };
		F96B85272529A05800CEDCF8 /* Main.storyboard in Resources */ = {isa = PBXBuildFile; fileRef = F96B85252529A05800CEDCF8 /* Main.storyboard */; };
		F96B85292529A05A00CEDCF8 /* Assets.xcassets in Resources */ = {isa = PBXBuildFile; fileRef = F96B85282529A05A00CEDCF8 /* Assets.xcassets */; };
		F96B852C2529A05A00CEDCF8 /* LaunchScreen.storyboard in Resources */ = {isa = PBXBuildFile; fileRef = F96B852A2529A05A00CEDCF8 /* LaunchScreen.storyboard */; };
		F96B85372529A05A00CEDCF8 /* talabyehTests.swift in Sources */ = {isa = PBXBuildFile; fileRef = F96B85362529A05A00CEDCF8 /* talabyehTests.swift */; };
		F96B85422529A05A00CEDCF8 /* talabyehUITests.swift in Sources */ = {isa = PBXBuildFile; fileRef = F96B85412529A05A00CEDCF8 /* talabyehUITests.swift */; };
		F96B85502529B67200CEDCF8 /* ChangeLanguageViewController.swift in Sources */ = {isa = PBXBuildFile; fileRef = F96B854F2529B67200CEDCF8 /* ChangeLanguageViewController.swift */; };
		F98D0E54252DE6F200D46EE9 /* SignUpWizardViewController.swift in Sources */ = {isa = PBXBuildFile; fileRef = F98D0E53252DE6F200D46EE9 /* SignUpWizardViewController.swift */; };
		F98D0E59252DE73500D46EE9 /* SignUpWizardView.swift in Sources */ = {isa = PBXBuildFile; fileRef = F98D0E58252DE73500D46EE9 /* SignUpWizardView.swift */; };
		F98D0E5F252DEDAF00D46EE9 /* Stevia in Frameworks */ = {isa = PBXBuildFile; productRef = F98D0E5E252DEDAF00D46EE9 /* Stevia */; };
		F990A386254082AB00ABC4CF /* DistributorSignUpViewController.swift in Sources */ = {isa = PBXBuildFile; fileRef = F990A385254082AB00ABC4CF /* DistributorSignUpViewController.swift */; };
		F990A388254082C500ABC4CF /* DistributorSignUpView.swift in Sources */ = {isa = PBXBuildFile; fileRef = F990A387254082C500ABC4CF /* DistributorSignUpView.swift */; };
		F9CC27C625332B6B00408FDA /* SignInViewController.swift in Sources */ = {isa = PBXBuildFile; fileRef = F9CC27C525332B6B00408FDA /* SignInViewController.swift */; };
		F9CC27CB25332B8900408FDA /* SignInView.swift in Sources */ = {isa = PBXBuildFile; fileRef = F9CC27CA25332B8900408FDA /* SignInView.swift */; };
		F9E2AF95254C6611000A93CC /* CollectionViewWithTitleView.swift in Sources */ = {isa = PBXBuildFile; fileRef = F9E2AF94254C6611000A93CC /* CollectionViewWithTitleView.swift */; };
		F9E2AF9A254C6619000A93CC /* CollectionViewWithTitleView.xib in Resources */ = {isa = PBXBuildFile; fileRef = F9E2AF99254C6619000A93CC /* CollectionViewWithTitleView.xib */; };
		F9EA0496252C83E800DC288B /* MainSignUpViewController.swift in Sources */ = {isa = PBXBuildFile; fileRef = F9EA0495252C83E800DC288B /* MainSignUpViewController.swift */; };
		F9EA049B252C858500DC288B /* RoundedView.swift in Sources */ = {isa = PBXBuildFile; fileRef = F9EA049A252C858500DC288B /* RoundedView.swift */; };
		F9EA04F4252C90E500DC288B /* RoundedButton.swift in Sources */ = {isa = PBXBuildFile; fileRef = F9EA04F3252C90E500DC288B /* RoundedButton.swift */; };
		F9F65B8C254F1FD300D347D6 /* MarketViewController.swift in Sources */ = {isa = PBXBuildFile; fileRef = F9F65B8B254F1FD300D347D6 /* MarketViewController.swift */; };
		F9F65B91254F205300D347D6 /* MarketScreenView.swift in Sources */ = {isa = PBXBuildFile; fileRef = F9F65B90254F205300D347D6 /* MarketScreenView.swift */; };
		F9F842F5252A2BAD00593C8A /* Localizable.strings in Resources */ = {isa = PBXBuildFile; fileRef = F9F842F7252A2BAD00593C8A /* Localizable.strings */; };
/* End PBXBuildFile section */

/* Begin PBXContainerItemProxy section */
		F96B85332529A05A00CEDCF8 /* PBXContainerItemProxy */ = {
			isa = PBXContainerItemProxy;
			containerPortal = F96B85142529A05700CEDCF8 /* Project object */;
			proxyType = 1;
			remoteGlobalIDString = F96B851B2529A05700CEDCF8;
			remoteInfo = talabyeh;
		};
		F96B853E2529A05A00CEDCF8 /* PBXContainerItemProxy */ = {
			isa = PBXContainerItemProxy;
			containerPortal = F96B85142529A05700CEDCF8 /* Project object */;
			proxyType = 1;
			remoteGlobalIDString = F96B851B2529A05700CEDCF8;
			remoteInfo = talabyeh;
		};
/* End PBXContainerItemProxy section */

/* Begin PBXFileReference section */
		02CABA4972B3765E56FFA07A /* Pods-talabyehTests.release.xcconfig */ = {isa = PBXFileReference; includeInIndex = 1; lastKnownFileType = text.xcconfig; name = "Pods-talabyehTests.release.xcconfig"; path = "Target Support Files/Pods-talabyehTests/Pods-talabyehTests.release.xcconfig"; sourceTree = "<group>"; };
		05FE4E8241006F1C906DB477 /* Pods_talabyehTests.framework */ = {isa = PBXFileReference; explicitFileType = wrapper.framework; includeInIndex = 0; path = Pods_talabyehTests.framework; sourceTree = BUILT_PRODUCTS_DIR; };
		113C0B5EA853912BDAA92C6B /* Pods-talabyeh.debug.xcconfig */ = {isa = PBXFileReference; includeInIndex = 1; lastKnownFileType = text.xcconfig; name = "Pods-talabyeh.debug.xcconfig"; path = "Target Support Files/Pods-talabyeh/Pods-talabyeh.debug.xcconfig"; sourceTree = "<group>"; };
		3EC09FED4C8A6910C1D7CDCF /* Pods_talabyeh.framework */ = {isa = PBXFileReference; explicitFileType = wrapper.framework; includeInIndex = 0; path = Pods_talabyeh.framework; sourceTree = BUILT_PRODUCTS_DIR; };
		5B804B548E3CDE79C3280297 /* Pods-talabyeh-talabyehUITests.debug.xcconfig */ = {isa = PBXFileReference; includeInIndex = 1; lastKnownFileType = text.xcconfig; name = "Pods-talabyeh-talabyehUITests.debug.xcconfig"; path = "Target Support Files/Pods-talabyeh-talabyehUITests/Pods-talabyeh-talabyehUITests.debug.xcconfig"; sourceTree = "<group>"; };
		6AAA51FBE740FA7A03A29768 /* Pods-talabyeh.release.xcconfig */ = {isa = PBXFileReference; includeInIndex = 1; lastKnownFileType = text.xcconfig; name = "Pods-talabyeh.release.xcconfig"; path = "Target Support Files/Pods-talabyeh/Pods-talabyeh.release.xcconfig"; sourceTree = "<group>"; };
		8198DD651C626992FF8ADE61 /* Pods-talabyeh-talabyehUITests.release.xcconfig */ = {isa = PBXFileReference; includeInIndex = 1; lastKnownFileType = text.xcconfig; name = "Pods-talabyeh-talabyehUITests.release.xcconfig"; path = "Target Support Files/Pods-talabyeh-talabyehUITests/Pods-talabyeh-talabyehUITests.release.xcconfig"; sourceTree = "<group>"; };
		AAC1EEA6F124DCF800E38E71 /* Pods-talabyehTests.debug.xcconfig */ = {isa = PBXFileReference; includeInIndex = 1; lastKnownFileType = text.xcconfig; name = "Pods-talabyehTests.debug.xcconfig"; path = "Target Support Files/Pods-talabyehTests/Pods-talabyehTests.debug.xcconfig"; sourceTree = "<group>"; };
		CD0E2B1636889447B2D74FE0 /* Pods_talabyeh_talabyehUITests.framework */ = {isa = PBXFileReference; explicitFileType = wrapper.framework; includeInIndex = 0; path = Pods_talabyeh_talabyehUITests.framework; sourceTree = BUILT_PRODUCTS_DIR; };
		E4000C90255BFF5900E89ABB /* MarketCoordinator.swift */ = {isa = PBXFileReference; lastKnownFileType = sourcecode.swift; path = MarketCoordinator.swift; sourceTree = "<group>"; };
		E4000C98255C00B000E89ABB /* ProfileCoordinator.swift */ = {isa = PBXFileReference; lastKnownFileType = sourcecode.swift; path = ProfileCoordinator.swift; sourceTree = "<group>"; };
		E4000CA0255C020800E89ABB /* ProfileTableViewCell.swift */ = {isa = PBXFileReference; lastKnownFileType = sourcecode.swift; path = ProfileTableViewCell.swift; sourceTree = "<group>"; };
		E4000CA5255C050D00E89ABB /* NSObject+Traits.swift */ = {isa = PBXFileReference; lastKnownFileType = sourcecode.swift; path = "NSObject+Traits.swift"; sourceTree = "<group>"; };
		E4000CBB255C089800E89ABB /* ItemCell.swift */ = {isa = PBXFileReference; lastKnownFileType = sourcecode.swift; path = ItemCell.swift; sourceTree = "<group>"; };
		E4000CC0255C08AA00E89ABB /* ItemCell2.swift */ = {isa = PBXFileReference; lastKnownFileType = sourcecode.swift; path = ItemCell2.swift; sourceTree = "<group>"; };
		E4000CC5255C08DF00E89ABB /* MarketCategoryCell.swift */ = {isa = PBXFileReference; lastKnownFileType = sourcecode.swift; path = MarketCategoryCell.swift; sourceTree = "<group>"; };
		E4000CCA255C090D00E89ABB /* ResultsController.swift */ = {isa = PBXFileReference; lastKnownFileType = sourcecode.swift; path = ResultsController.swift; sourceTree = "<group>"; };
		E4000CD2255C095900E89ABB /* AuthenticationCoordinator.swift */ = {isa = PBXFileReference; lastKnownFileType = sourcecode.swift; path = AuthenticationCoordinator.swift; sourceTree = "<group>"; };
		E4000CDE255C106700E89ABB /* PickerPlaceholderView.swift */ = {isa = PBXFileReference; lastKnownFileType = sourcecode.swift; path = PickerPlaceholderView.swift; sourceTree = "<group>"; };
		E4000CE6255C121900E89ABB /* UIStackView+Additions.swift */ = {isa = PBXFileReference; lastKnownFileType = sourcecode.swift; path = "UIStackView+Additions.swift"; sourceTree = "<group>"; };
		E4000CEB255C153300E89ABB /* Authentication.storyboard */ = {isa = PBXFileReference; lastKnownFileType = file.storyboard; path = Authentication.storyboard; sourceTree = "<group>"; };
		E4000CF6255C174600E89ABB /* CoordinatorTransitionType.swift */ = {isa = PBXFileReference; lastKnownFileType = sourcecode.swift; path = CoordinatorTransitionType.swift; sourceTree = "<group>"; };
		E4151D7425626904009F1D45 /* TimeRangePickerTextField.swift */ = {isa = PBXFileReference; lastKnownFileType = sourcecode.swift; path = TimeRangePickerTextField.swift; sourceTree = "<group>"; };
		E4151D7925626910009F1D45 /* WeekdaysRangePickerTextField.swift */ = {isa = PBXFileReference; lastKnownFileType = sourcecode.swift; path = WeekdaysRangePickerTextField.swift; sourceTree = "<group>"; };
		E450C2482563CA3600F6F392 /* DistributersListCoordinator.swift */ = {isa = PBXFileReference; lastKnownFileType = sourcecode.swift; path = DistributersListCoordinator.swift; sourceTree = "<group>"; };
		E450C24D2563CA5800F6F392 /* DistributersListViewController.swift */ = {isa = PBXFileReference; lastKnownFileType = sourcecode.swift; path = DistributersListViewController.swift; sourceTree = "<group>"; };
		E450C2532563CFE500F6F392 /* DistributerCollectionViewCell.swift */ = {isa = PBXFileReference; lastKnownFileType = sourcecode.swift; path = DistributerCollectionViewCell.swift; sourceTree = "<group>"; };
		E496B248255B214C001BEC0F /* FontProviderType.swift */ = {isa = PBXFileReference; lastKnownFileType = sourcecode.swift; path = FontProviderType.swift; sourceTree = "<group>"; };
		E496B25F255B22A2001BEC0F /* SignUpCategoriesListView.swift */ = {isa = PBXFileReference; fileEncoding = 4; lastKnownFileType = sourcecode.swift; path = SignUpCategoriesListView.swift; sourceTree = "<group>"; };
		E496B2A3255B2730001BEC0F /* ColorsProviderType.swift */ = {isa = PBXFileReference; lastKnownFileType = sourcecode.swift; path = ColorsProviderType.swift; sourceTree = "<group>"; };
		E496B2AB255B2771001BEC0F /* UIColor+Additions.swift */ = {isa = PBXFileReference; fileEncoding = 4; lastKnownFileType = sourcecode.swift; path = "UIColor+Additions.swift"; sourceTree = "<group>"; };
		E496B2B5255B28C0001BEC0F /* UIView+Additions.swift */ = {isa = PBXFileReference; lastKnownFileType = sourcecode.swift; path = "UIView+Additions.swift"; sourceTree = "<group>"; };
		E496B2C4255B29A3001BEC0F /* InsetedTextField.swift */ = {isa = PBXFileReference; lastKnownFileType = sourcecode.swift; path = InsetedTextField.swift; sourceTree = "<group>"; };
		E496B2C9255B2ABF001BEC0F /* ValidationTextField.swift */ = {isa = PBXFileReference; lastKnownFileType = sourcecode.swift; path = ValidationTextField.swift; sourceTree = "<group>"; };
		E496B2CE255B2B10001BEC0F /* BorderedTextField.swift */ = {isa = PBXFileReference; lastKnownFileType = sourcecode.swift; path = BorderedTextField.swift; sourceTree = "<group>"; };
		E496B2D7255B2D3F001BEC0F /* BackButton.swift */ = {isa = PBXFileReference; lastKnownFileType = sourcecode.swift; path = BackButton.swift; sourceTree = "<group>"; };
		E496B2DC255B2D44001BEC0F /* BorderedButton.swift */ = {isa = PBXFileReference; lastKnownFileType = sourcecode.swift; path = BorderedButton.swift; sourceTree = "<group>"; };
		E496B2E1255B2D4A001BEC0F /* ActionButton.swift */ = {isa = PBXFileReference; lastKnownFileType = sourcecode.swift; path = ActionButton.swift; sourceTree = "<group>"; };
		E496B2F0255B2ED9001BEC0F /* GeneralRoutes.swift */ = {isa = PBXFileReference; lastKnownFileType = sourcecode.swift; path = GeneralRoutes.swift; sourceTree = "<group>"; };
		E496B2F8255B2FBB001BEC0F /* NetworkConfiguration.swift */ = {isa = PBXFileReference; lastKnownFileType = sourcecode.swift; path = NetworkConfiguration.swift; sourceTree = "<group>"; };
		E496B2FD255B3088001BEC0F /* Moya+DefaultProvider.swift */ = {isa = PBXFileReference; lastKnownFileType = sourcecode.swift; path = "Moya+DefaultProvider.swift"; sourceTree = "<group>"; };
		E4A670382563AAF60057083C /* ProfileMenuItem.swift */ = {isa = PBXFileReference; lastKnownFileType = sourcecode.swift; path = ProfileMenuItem.swift; sourceTree = "<group>"; };
		E4A670442563B3980057083C /* PaymentCardValidator.swift */ = {isa = PBXFileReference; lastKnownFileType = sourcecode.swift; path = PaymentCardValidator.swift; sourceTree = "<group>"; };
		E4A670492563B52A0057083C /* MonthPickerTextField.swift */ = {isa = PBXFileReference; lastKnownFileType = sourcecode.swift; path = MonthPickerTextField.swift; sourceTree = "<group>"; };
		E4A6704E2563B5310057083C /* YearPickerTextField.swift */ = {isa = PBXFileReference; lastKnownFileType = sourcecode.swift; path = YearPickerTextField.swift; sourceTree = "<group>"; };
		E4A6706F2563C2A60057083C /* CreditCardNumberTextField.swift */ = {isa = PBXFileReference; lastKnownFileType = sourcecode.swift; path = CreditCardNumberTextField.swift; sourceTree = "<group>"; };
		E4A670772563C3580057083C /* UIViewController+Extensions.swift */ = {isa = PBXFileReference; fileEncoding = 4; lastKnownFileType = sourcecode.swift; path = "UIViewController+Extensions.swift"; sourceTree = "<group>"; };
		E4C705AA255BB06E00DD29E3 /* ScreenBlockingLoaderType.swift */ = {isa = PBXFileReference; lastKnownFileType = sourcecode.swift; path = ScreenBlockingLoaderType.swift; sourceTree = "<group>"; };
		E4C705AF255BB18100DD29E3 /* ScreenMessagePresenterType.swift */ = {isa = PBXFileReference; lastKnownFileType = sourcecode.swift; path = ScreenMessagePresenterType.swift; sourceTree = "<group>"; };
		E4C705C5255BB2FA00DD29E3 /* UISearchBar+Additions.swift */ = {isa = PBXFileReference; lastKnownFileType = sourcecode.swift; path = "UISearchBar+Additions.swift"; sourceTree = "<group>"; };
		E4C705EB255BBD6100DD29E3 /* UIImage+Addtions.swift */ = {isa = PBXFileReference; lastKnownFileType = sourcecode.swift; path = "UIImage+Addtions.swift"; sourceTree = "<group>"; };
		E4C705F1255BBF5400DD29E3 /* CoordinatorType.swift */ = {isa = PBXFileReference; lastKnownFileType = sourcecode.swift; path = CoordinatorType.swift; sourceTree = "<group>"; };
		E4C705F6255BBF8200DD29E3 /* TabBarCoordinator.swift */ = {isa = PBXFileReference; lastKnownFileType = sourcecode.swift; path = TabBarCoordinator.swift; sourceTree = "<group>"; };
		E4C70602255BBFCD00DD29E3 /* TabBarController.swift */ = {isa = PBXFileReference; lastKnownFileType = sourcecode.swift; path = TabBarController.swift; sourceTree = "<group>"; };
		E4C70607255BBFFC00DD29E3 /* NavigationController.swift */ = {isa = PBXFileReference; lastKnownFileType = sourcecode.swift; path = NavigationController.swift; sourceTree = "<group>"; };
		E4C7060C255BC43600DD29E3 /* ReusableCell.swift */ = {isa = PBXFileReference; lastKnownFileType = sourcecode.swift; path = ReusableCell.swift; sourceTree = "<group>"; };
		E4C70611255BC44900DD29E3 /* NibInstantiatable.swift */ = {isa = PBXFileReference; lastKnownFileType = sourcecode.swift; path = NibInstantiatable.swift; sourceTree = "<group>"; };
		E4C70616255BC45800DD29E3 /* Identifiable.swift */ = {isa = PBXFileReference; lastKnownFileType = sourcecode.swift; path = Identifiable.swift; sourceTree = "<group>"; };
		E4CB73FE255D158E0017A499 /* ValidationError.swift */ = {isa = PBXFileReference; lastKnownFileType = sourcecode.swift; path = ValidationError.swift; sourceTree = "<group>"; };
		E4CB7406255D15B60017A499 /* ValidatorType.swift */ = {isa = PBXFileReference; lastKnownFileType = sourcecode.swift; path = ValidatorType.swift; sourceTree = "<group>"; };
		E4CB740B255D18610017A499 /* PasswordTextField.swift */ = {isa = PBXFileReference; lastKnownFileType = sourcecode.swift; path = PasswordTextField.swift; sourceTree = "<group>"; };
		E4CB7413255D19B20017A499 /* Validators.swift */ = {isa = PBXFileReference; lastKnownFileType = sourcecode.swift; path = Validators.swift; sourceTree = "<group>"; };
		E4CB7418255D20C80017A499 /* PickerTextField.swift */ = {isa = PBXFileReference; lastKnownFileType = sourcecode.swift; path = PickerTextField.swift; sourceTree = "<group>"; };
		E4CB7422255D23450017A499 /* ScrollContainerView.swift */ = {isa = PBXFileReference; lastKnownFileType = sourcecode.swift; path = ScrollContainerView.swift; sourceTree = "<group>"; };
		E4E68105255D3B570051D52D /* ImagePickerController.swift */ = {isa = PBXFileReference; lastKnownFileType = sourcecode.swift; path = ImagePickerController.swift; sourceTree = "<group>"; };
		E4E6810A255D3B700051D52D /* LocationPickerController.swift */ = {isa = PBXFileReference; lastKnownFileType = sourcecode.swift; path = LocationPickerController.swift; sourceTree = "<group>"; };
		E4E6811E255D40080051D52D /* BottomNextButtonView.swift */ = {isa = PBXFileReference; lastKnownFileType = sourcecode.swift; path = BottomNextButtonView.swift; sourceTree = "<group>"; };
		E4E68135255D435D0051D52D /* LocationSearchHistoryManager.swift */ = {isa = PBXFileReference; fileEncoding = 4; lastKnownFileType = sourcecode.swift; path = LocationSearchHistoryManager.swift; sourceTree = "<group>"; };
		E4E68136255D435E0051D52D /* LocationSearchResultsViewController.swift */ = {isa = PBXFileReference; fileEncoding = 4; lastKnownFileType = sourcecode.swift; path = LocationSearchResultsViewController.swift; sourceTree = "<group>"; };
		E4E68137255D435E0051D52D /* LocationPickerViewController.swift */ = {isa = PBXFileReference; fileEncoding = 4; lastKnownFileType = sourcecode.swift; path = LocationPickerViewController.swift; sourceTree = "<group>"; };
		E4E68138255D435E0051D52D /* Location.swift */ = {isa = PBXFileReference; fileEncoding = 4; lastKnownFileType = sourcecode.swift; path = Location.swift; sourceTree = "<group>"; };
		E4E68146255D481D0051D52D /* SampleSignupViewController.swift */ = {isa = PBXFileReference; lastKnownFileType = sourcecode.swift; path = SampleSignupViewController.swift; sourceTree = "<group>"; };
		E4FF498B2560F43900B4CBC4 /* NewDistributerViewController.swift */ = {isa = PBXFileReference; lastKnownFileType = sourcecode.swift; path = NewDistributerViewController.swift; sourceTree = "<group>"; };
		E4FF49932560F45800B4CBC4 /* NewDistributerContentView.swift */ = {isa = PBXFileReference; lastKnownFileType = sourcecode.swift; path = NewDistributerContentView.swift; sourceTree = "<group>"; };
		E4FF49982561021F00B4CBC4 /* BasicTextField.swift */ = {isa = PBXFileReference; lastKnownFileType = sourcecode.swift; path = BasicTextField.swift; sourceTree = "<group>"; };
		E4FF49A02561087700B4CBC4 /* NewDistributerViewController+Cards.swift */ = {isa = PBXFileReference; lastKnownFileType = sourcecode.swift; path = "NewDistributerViewController+Cards.swift"; sourceTree = "<group>"; };
		E4FF49A5256115CA00B4CBC4 /* NumbersTextFields.swift */ = {isa = PBXFileReference; lastKnownFileType = sourcecode.swift; path = NumbersTextFields.swift; sourceTree = "<group>"; };
		F93B1FE125373DAE00E48657 /* SignUpCategoriesListViewController.swift */ = {isa = PBXFileReference; lastKnownFileType = sourcecode.swift; path = SignUpCategoriesListViewController.swift; sourceTree = "<group>"; };
		F94608ED2545D91600C74D95 /* ProfilePageView.swift */ = {isa = PBXFileReference; lastKnownFileType = sourcecode.swift; path = ProfilePageView.swift; sourceTree = "<group>"; };
		F94608F22545D92B00C74D95 /* ProfilePageViewController.swift */ = {isa = PBXFileReference; lastKnownFileType = sourcecode.swift; path = ProfilePageViewController.swift; sourceTree = "<group>"; };
		F9571B8F252CEA700090C285 /* SFUIDisplay-Heavy.ttf */ = {isa = PBXFileReference; lastKnownFileType = file; path = "SFUIDisplay-Heavy.ttf"; sourceTree = "<group>"; };
		F9571B90252CEA700090C285 /* SFUIDisplay-Light.ttf */ = {isa = PBXFileReference; lastKnownFileType = file; path = "SFUIDisplay-Light.ttf"; sourceTree = "<group>"; };
		F9571B91252CEA700090C285 /* SFUIDisplay-Semibold.ttf */ = {isa = PBXFileReference; lastKnownFileType = file; path = "SFUIDisplay-Semibold.ttf"; sourceTree = "<group>"; };
		F9571B92252CEA700090C285 /* SFUIDisplay-Ultralight.ttf */ = {isa = PBXFileReference; lastKnownFileType = file; path = "SFUIDisplay-Ultralight.ttf"; sourceTree = "<group>"; };
		F9571B93252CEA700090C285 /* SFUIDisplay-Bold.ttf */ = {isa = PBXFileReference; lastKnownFileType = file; path = "SFUIDisplay-Bold.ttf"; sourceTree = "<group>"; };
		F9571B94252CEA700090C285 /* SFUIDisplay-Thin.ttf */ = {isa = PBXFileReference; lastKnownFileType = file; path = "SFUIDisplay-Thin.ttf"; sourceTree = "<group>"; };
		F9571B95252CEA700090C285 /* SFUIDisplay-Medium.ttf */ = {isa = PBXFileReference; lastKnownFileType = file; path = "SFUIDisplay-Medium.ttf"; sourceTree = "<group>"; };
		F9571B96252CEA700090C285 /* SFUIDisplay-Black.ttf */ = {isa = PBXFileReference; lastKnownFileType = file; path = "SFUIDisplay-Black.ttf"; sourceTree = "<group>"; };
		F9571B98252CEA700090C285 /* DIN NEXT™ ARABIC MEDIUM .otf */ = {isa = PBXFileReference; lastKnownFileType = file; path = "DIN NEXT™ ARABIC MEDIUM .otf"; sourceTree = "<group>"; };
		F9571B99252CEA700090C285 /* DIN NEXT™ ARABIC BLACK.otf */ = {isa = PBXFileReference; lastKnownFileType = file; path = "DIN NEXT™ ARABIC BLACK.otf"; sourceTree = "<group>"; };
		F9571B9A252CEA700090C285 /* DIN NEXT™ ARABIC ULTRALIGHT.otf */ = {isa = PBXFileReference; lastKnownFileType = file; path = "DIN NEXT™ ARABIC ULTRALIGHT.otf"; sourceTree = "<group>"; };
		F9571B9B252CEA700090C285 /* DIN NEXT™ ARABIC REGULAR.otf */ = {isa = PBXFileReference; lastKnownFileType = file; path = "DIN NEXT™ ARABIC REGULAR.otf"; sourceTree = "<group>"; };
		F9571B9C252CEA700090C285 /* DIN NEXT™ ARABIC HEAVY.otf */ = {isa = PBXFileReference; lastKnownFileType = file; path = "DIN NEXT™ ARABIC HEAVY.otf"; sourceTree = "<group>"; };
		F9571B9D252CEA700090C285 /* DIN NEXT™ ARABIC BOLD.otf */ = {isa = PBXFileReference; lastKnownFileType = file; path = "DIN NEXT™ ARABIC BOLD.otf"; sourceTree = "<group>"; };
		F9571B9E252CEA700090C285 /* DIN NEXT™ ARABIC LIGHT.otf */ = {isa = PBXFileReference; lastKnownFileType = file; path = "DIN NEXT™ ARABIC LIGHT.otf"; sourceTree = "<group>"; };
		F96B851C2529A05700CEDCF8 /* talabyeh.app */ = {isa = PBXFileReference; explicitFileType = wrapper.application; includeInIndex = 0; path = talabyeh.app; sourceTree = BUILT_PRODUCTS_DIR; };
		F96B851F2529A05800CEDCF8 /* AppDelegate.swift */ = {isa = PBXFileReference; lastKnownFileType = sourcecode.swift; path = AppDelegate.swift; sourceTree = "<group>"; };
		F96B85232529A05800CEDCF8 /* RegistrationViewController.swift */ = {isa = PBXFileReference; lastKnownFileType = sourcecode.swift; path = RegistrationViewController.swift; sourceTree = "<group>"; };
		F96B85262529A05800CEDCF8 /* Base */ = {isa = PBXFileReference; lastKnownFileType = file.storyboard; name = Base; path = Base.lproj/Main.storyboard; sourceTree = "<group>"; };
		F96B85282529A05A00CEDCF8 /* Assets.xcassets */ = {isa = PBXFileReference; lastKnownFileType = folder.assetcatalog; path = Assets.xcassets; sourceTree = "<group>"; };
		F96B852B2529A05A00CEDCF8 /* Base */ = {isa = PBXFileReference; lastKnownFileType = file.storyboard; name = Base; path = Base.lproj/LaunchScreen.storyboard; sourceTree = "<group>"; };
		F96B852D2529A05A00CEDCF8 /* Info.plist */ = {isa = PBXFileReference; lastKnownFileType = text.plist.xml; path = Info.plist; sourceTree = "<group>"; };
		F96B85322529A05A00CEDCF8 /* talabyehTests.xctest */ = {isa = PBXFileReference; explicitFileType = wrapper.cfbundle; includeInIndex = 0; path = talabyehTests.xctest; sourceTree = BUILT_PRODUCTS_DIR; };
		F96B85362529A05A00CEDCF8 /* talabyehTests.swift */ = {isa = PBXFileReference; lastKnownFileType = sourcecode.swift; path = talabyehTests.swift; sourceTree = "<group>"; };
		F96B85382529A05A00CEDCF8 /* Info.plist */ = {isa = PBXFileReference; lastKnownFileType = text.plist.xml; path = Info.plist; sourceTree = "<group>"; };
		F96B853D2529A05A00CEDCF8 /* talabyehUITests.xctest */ = {isa = PBXFileReference; explicitFileType = wrapper.cfbundle; includeInIndex = 0; path = talabyehUITests.xctest; sourceTree = BUILT_PRODUCTS_DIR; };
		F96B85412529A05A00CEDCF8 /* talabyehUITests.swift */ = {isa = PBXFileReference; lastKnownFileType = sourcecode.swift; path = talabyehUITests.swift; sourceTree = "<group>"; };
		F96B85432529A05A00CEDCF8 /* Info.plist */ = {isa = PBXFileReference; lastKnownFileType = text.plist.xml; path = Info.plist; sourceTree = "<group>"; };
		F96B854F2529B67200CEDCF8 /* ChangeLanguageViewController.swift */ = {isa = PBXFileReference; lastKnownFileType = sourcecode.swift; path = ChangeLanguageViewController.swift; sourceTree = "<group>"; };
		F98D0E53252DE6F200D46EE9 /* SignUpWizardViewController.swift */ = {isa = PBXFileReference; lastKnownFileType = sourcecode.swift; path = SignUpWizardViewController.swift; sourceTree = "<group>"; };
		F98D0E58252DE73500D46EE9 /* SignUpWizardView.swift */ = {isa = PBXFileReference; lastKnownFileType = sourcecode.swift; path = SignUpWizardView.swift; sourceTree = "<group>"; };
		F990A385254082AB00ABC4CF /* DistributorSignUpViewController.swift */ = {isa = PBXFileReference; lastKnownFileType = sourcecode.swift; path = DistributorSignUpViewController.swift; sourceTree = "<group>"; };
		F990A387254082C500ABC4CF /* DistributorSignUpView.swift */ = {isa = PBXFileReference; lastKnownFileType = sourcecode.swift; path = DistributorSignUpView.swift; sourceTree = "<group>"; };
		F9CC27C525332B6B00408FDA /* SignInViewController.swift */ = {isa = PBXFileReference; lastKnownFileType = sourcecode.swift; path = SignInViewController.swift; sourceTree = "<group>"; };
		F9CC27CA25332B8900408FDA /* SignInView.swift */ = {isa = PBXFileReference; lastKnownFileType = sourcecode.swift; path = SignInView.swift; sourceTree = "<group>"; };
		F9E2AF94254C6611000A93CC /* CollectionViewWithTitleView.swift */ = {isa = PBXFileReference; fileEncoding = 4; lastKnownFileType = sourcecode.swift; path = CollectionViewWithTitleView.swift; sourceTree = "<group>"; };
		F9E2AF99254C6619000A93CC /* CollectionViewWithTitleView.xib */ = {isa = PBXFileReference; fileEncoding = 4; lastKnownFileType = file.xib; path = CollectionViewWithTitleView.xib; sourceTree = "<group>"; };
		F9EA0495252C83E800DC288B /* MainSignUpViewController.swift */ = {isa = PBXFileReference; lastKnownFileType = sourcecode.swift; path = MainSignUpViewController.swift; sourceTree = "<group>"; };
		F9EA049A252C858500DC288B /* RoundedView.swift */ = {isa = PBXFileReference; lastKnownFileType = sourcecode.swift; path = RoundedView.swift; sourceTree = "<group>"; };
		F9EA04F3252C90E500DC288B /* RoundedButton.swift */ = {isa = PBXFileReference; lastKnownFileType = sourcecode.swift; path = RoundedButton.swift; sourceTree = "<group>"; };
		F9F65B8B254F1FD300D347D6 /* MarketViewController.swift */ = {isa = PBXFileReference; lastKnownFileType = sourcecode.swift; path = MarketViewController.swift; sourceTree = "<group>"; };
		F9F65B90254F205300D347D6 /* MarketScreenView.swift */ = {isa = PBXFileReference; lastKnownFileType = sourcecode.swift; path = MarketScreenView.swift; sourceTree = "<group>"; };
		F9F842F1252A2B2400593C8A /* ar */ = {isa = PBXFileReference; lastKnownFileType = text.plist.strings; name = ar; path = ar.lproj/Main.strings; sourceTree = "<group>"; };
		F9F842F2252A2B2400593C8A /* ar */ = {isa = PBXFileReference; lastKnownFileType = text.plist.strings; name = ar; path = ar.lproj/LaunchScreen.strings; sourceTree = "<group>"; };
		F9F842F6252A2BAD00593C8A /* en */ = {isa = PBXFileReference; lastKnownFileType = text.plist.strings; name = en; path = en.lproj/Localizable.strings; sourceTree = "<group>"; };
		F9F842F8252A2BAF00593C8A /* ar */ = {isa = PBXFileReference; lastKnownFileType = text.plist.strings; name = ar; path = ar.lproj/Localizable.strings; sourceTree = "<group>"; };
/* End PBXFileReference section */

/* Begin PBXFrameworksBuildPhase section */
		F96B85192529A05700CEDCF8 /* Frameworks */ = {
			isa = PBXFrameworksBuildPhase;
			buildActionMask = 2147483647;
			files = (
				F98D0E5F252DEDAF00D46EE9 /* Stevia in Frameworks */,
				CC20C5899017F17D235D43A6 /* Pods_talabyeh.framework in Frameworks */,
			);
			runOnlyForDeploymentPostprocessing = 0;
		};
		F96B852F2529A05A00CEDCF8 /* Frameworks */ = {
			isa = PBXFrameworksBuildPhase;
			buildActionMask = 2147483647;
			files = (
				2A1EE79FF68369F4CA5D3A77 /* Pods_talabyehTests.framework in Frameworks */,
			);
			runOnlyForDeploymentPostprocessing = 0;
		};
		F96B853A2529A05A00CEDCF8 /* Frameworks */ = {
			isa = PBXFrameworksBuildPhase;
			buildActionMask = 2147483647;
			files = (
				1DB82D71E9947F4E954F2EAB /* Pods_talabyeh_talabyehUITests.framework in Frameworks */,
			);
			runOnlyForDeploymentPostprocessing = 0;
		};
/* End PBXFrameworksBuildPhase section */

/* Begin PBXGroup section */
		49B3970693CE32916BB48D79 /* Pods */ = {
			isa = PBXGroup;
			children = (
				113C0B5EA853912BDAA92C6B /* Pods-talabyeh.debug.xcconfig */,
				6AAA51FBE740FA7A03A29768 /* Pods-talabyeh.release.xcconfig */,
				5B804B548E3CDE79C3280297 /* Pods-talabyeh-talabyehUITests.debug.xcconfig */,
				8198DD651C626992FF8ADE61 /* Pods-talabyeh-talabyehUITests.release.xcconfig */,
				AAC1EEA6F124DCF800E38E71 /* Pods-talabyehTests.debug.xcconfig */,
				02CABA4972B3765E56FFA07A /* Pods-talabyehTests.release.xcconfig */,
			);
			path = Pods;
			sourceTree = "<group>";
		};
		8E66964D552BF985ECDBBE53 /* Frameworks */ = {
			isa = PBXGroup;
			children = (
				3EC09FED4C8A6910C1D7CDCF /* Pods_talabyeh.framework */,
				CD0E2B1636889447B2D74FE0 /* Pods_talabyeh_talabyehUITests.framework */,
				05FE4E8241006F1C906DB477 /* Pods_talabyehTests.framework */,
			);
			name = Frameworks;
			sourceTree = "<group>";
		};
		E4000CB0255C064900E89ABB /* Content Views */ = {
			isa = PBXGroup;
			children = (
				F94608ED2545D91600C74D95 /* ProfilePageView.swift */,
				E4000CA0255C020800E89ABB /* ProfileTableViewCell.swift */,
			);
			path = "Content Views";
			sourceTree = "<group>";
		};
		E4000CB7255C086900E89ABB /* Content Views */ = {
			isa = PBXGroup;
			children = (
				F9F65B90254F205300D347D6 /* MarketScreenView.swift */,
				E4000CBB255C089800E89ABB /* ItemCell.swift */,
				E4000CC0255C08AA00E89ABB /* ItemCell2.swift */,
				E4000CC5255C08DF00E89ABB /* MarketCategoryCell.swift */,
			);
			path = "Content Views";
			sourceTree = "<group>";
		};
		E4000CDD255C101600E89ABB /* App General */ = {
			isa = PBXGroup;
			children = (
				E4000CDE255C106700E89ABB /* PickerPlaceholderView.swift */,
				E4E6811E255D40080051D52D /* BottomNextButtonView.swift */,
			);
			path = "App General";
			sourceTree = "<group>";
		};
		E4151D73256268AC009F1D45 /* More Pickers */ = {
			isa = PBXGroup;
			children = (
				E4151D7425626904009F1D45 /* TimeRangePickerTextField.swift */,
				E4151D7925626910009F1D45 /* WeekdaysRangePickerTextField.swift */,
				E4A670492563B52A0057083C /* MonthPickerTextField.swift */,
				E4A6704E2563B5310057083C /* YearPickerTextField.swift */,
				E4A6706F2563C2A60057083C /* CreditCardNumberTextField.swift */,
			);
			path = "More Pickers";
			sourceTree = "<group>";
		};
		E450C2522563CFCF00F6F392 /* Content Views */ = {
			isa = PBXGroup;
			children = (
				E450C2532563CFE500F6F392 /* DistributerCollectionViewCell.swift */,
			);
			path = "Content Views";
			sourceTree = "<group>";
		};
		E496B235255B2079001BEC0F /* Networking */ = {
			isa = PBXGroup;
			children = (
				E496B2B4255B286E001BEC0F /* Additions */,
				E496B2B3255B2868001BEC0F /* Routes */,
			);
			path = Networking;
			sourceTree = "<group>";
		};
		E496B239255B20B0001BEC0F /* Authentication Flow */ = {
			isa = PBXGroup;
			children = (
				E4000CEB255C153300E89ABB /* Authentication.storyboard */,
				E4000CD2255C095900E89ABB /* AuthenticationCoordinator.swift */,
				F9EA0495252C83E800DC288B /* MainSignUpViewController.swift */,
				F96B85232529A05800CEDCF8 /* RegistrationViewController.swift */,
				E4E68146255D481D0051D52D /* SampleSignupViewController.swift */,
				F990A3842540825800ABC4CF /* Sign Up Categories Selection */,
				F990A3822540822B00ABC4CF /* Sign Up Wizard */,
				E496B2E6255B2D7F001BEC0F /* Distributor Sign Up */,
				F990A3832540824000ABC4CF /* Sign In */,
			);
			path = "Authentication Flow";
			sourceTree = "<group>";
		};
		E496B23A255B20E8001BEC0F /* Market Flow */ = {
			isa = PBXGroup;
			children = (
				E4000C90255BFF5900E89ABB /* MarketCoordinator.swift */,
				F9F65B8B254F1FD300D347D6 /* MarketViewController.swift */,
				E4000CCA255C090D00E89ABB /* ResultsController.swift */,
				E4000CB7255C086900E89ABB /* Content Views */,
			);
			path = "Market Flow";
			sourceTree = "<group>";
		};
		E496B23E255B20EF001BEC0F /* Profile Flow */ = {
			isa = PBXGroup;
			children = (
				E4000C98255C00B000E89ABB /* ProfileCoordinator.swift */,
				F94608F22545D92B00C74D95 /* ProfilePageViewController.swift */,
				E4A670382563AAF60057083C /* ProfileMenuItem.swift */,
				E4000CB0255C064900E89ABB /* Content Views */,
			);
			path = "Profile Flow";
			sourceTree = "<group>";
		};
		E496B242255B2115001BEC0F /* Extensions */ = {
			isa = PBXGroup;
			children = (
				E496B2AB255B2771001BEC0F /* UIColor+Additions.swift */,
				E496B2B5255B28C0001BEC0F /* UIView+Additions.swift */,
				E4C705C5255BB2FA00DD29E3 /* UISearchBar+Additions.swift */,
				E4C705EB255BBD6100DD29E3 /* UIImage+Addtions.swift */,
				E4C7060C255BC43600DD29E3 /* ReusableCell.swift */,
				E4C70611255BC44900DD29E3 /* NibInstantiatable.swift */,
				E4C70616255BC45800DD29E3 /* Identifiable.swift */,
				E4000CE6255C121900E89ABB /* UIStackView+Additions.swift */,
				E4A670772563C3580057083C /* UIViewController+Extensions.swift */,
			);
			path = Extensions;
			sourceTree = "<group>";
		};
		E496B243255B2135001BEC0F /* Collection With TItle */ = {
			isa = PBXGroup;
			children = (
				F9E2AF94254C6611000A93CC /* CollectionViewWithTitleView.swift */,
				F9E2AF99254C6619000A93CC /* CollectionViewWithTitleView.xib */,
			);
			path = "Collection With TItle";
			sourceTree = "<group>";
		};
		E496B247255B213E001BEC0F /* Services */ = {
			isa = PBXGroup;
			children = (
				E496B248255B214C001BEC0F /* FontProviderType.swift */,
				E496B2A3255B2730001BEC0F /* ColorsProviderType.swift */,
				E4C705AA255BB06E00DD29E3 /* ScreenBlockingLoaderType.swift */,
				E4C705AF255BB18100DD29E3 /* ScreenMessagePresenterType.swift */,
				E4CB73FD255D157D0017A499 /* Validation */,
			);
			path = Services;
			sourceTree = "<group>";
		};
		E496B2B3255B2868001BEC0F /* Routes */ = {
			isa = PBXGroup;
			children = (
				E496B2F0255B2ED9001BEC0F /* GeneralRoutes.swift */,
			);
			path = Routes;
			sourceTree = "<group>";
		};
		E496B2B4255B286E001BEC0F /* Additions */ = {
			isa = PBXGroup;
			children = (
				E496B2F8255B2FBB001BEC0F /* NetworkConfiguration.swift */,
				E496B2FD255B3088001BEC0F /* Moya+DefaultProvider.swift */,
			);
			path = Additions;
			sourceTree = "<group>";
		};
		E496B2C3255B298A001BEC0F /* Text Field */ = {
			isa = PBXGroup;
			children = (
				E4FF49982561021F00B4CBC4 /* BasicTextField.swift */,
				E496B2C4255B29A3001BEC0F /* InsetedTextField.swift */,
				E496B2CE255B2B10001BEC0F /* BorderedTextField.swift */,
				E4CB7418255D20C80017A499 /* PickerTextField.swift */,
				E496B2C9255B2ABF001BEC0F /* ValidationTextField.swift */,
				E4FF49A5256115CA00B4CBC4 /* NumbersTextFields.swift */,
				E4CB740B255D18610017A499 /* PasswordTextField.swift */,
				E4151D73256268AC009F1D45 /* More Pickers */,
			);
			path = "Text Field";
			sourceTree = "<group>";
		};
		E496B2D6255B2D39001BEC0F /* Buttons */ = {
			isa = PBXGroup;
			children = (
				E496B2D7255B2D3F001BEC0F /* BackButton.swift */,
				E496B2DC255B2D44001BEC0F /* BorderedButton.swift */,
				E496B2E1255B2D4A001BEC0F /* ActionButton.swift */,
			);
			path = Buttons;
			sourceTree = "<group>";
		};
		E496B2E6255B2D7F001BEC0F /* Distributor Sign Up */ = {
			isa = PBXGroup;
			children = (
				F990A385254082AB00ABC4CF /* DistributorSignUpViewController.swift */,
				F990A387254082C500ABC4CF /* DistributorSignUpView.swift */,
			);
			path = "Distributor Sign Up";
			sourceTree = "<group>";
		};
		E4A6703D2563B0910057083C /* Distributers */ = {
			isa = PBXGroup;
			children = (
				E450C2482563CA3600F6F392 /* DistributersListCoordinator.swift */,
				E450C24D2563CA5800F6F392 /* DistributersListViewController.swift */,
				E450C2522563CFCF00F6F392 /* Content Views */,
			);
			path = Distributers;
			sourceTree = "<group>";
		};
		E4C705D0255BB67500DD29E3 /* Pickers */ = {
			isa = PBXGroup;
			children = (
				F96B854F2529B67200CEDCF8 /* ChangeLanguageViewController.swift */,
				E4E68105255D3B570051D52D /* ImagePickerController.swift */,
				E4E6810A255D3B700051D52D /* LocationPickerController.swift */,
				E4E68123255D431C0051D52D /* Location Picker */,
			);
			path = Pickers;
			sourceTree = "<group>";
		};
		E4C705F0255BBF2900DD29E3 /* Coordinators */ = {
			isa = PBXGroup;
			children = (
				E4C705F1255BBF5400DD29E3 /* CoordinatorType.swift */,
				E4000CF6255C174600E89ABB /* CoordinatorTransitionType.swift */,
				E4C705F6255BBF8200DD29E3 /* TabBarCoordinator.swift */,
				E4C70601255BBFC500DD29E3 /* Base UI */,
			);
			path = Coordinators;
			sourceTree = "<group>";
		};
		E4C70601255BBFC500DD29E3 /* Base UI */ = {
			isa = PBXGroup;
			children = (
				E4C70602255BBFCD00DD29E3 /* TabBarController.swift */,
				E4C70607255BBFFC00DD29E3 /* NavigationController.swift */,
				E4000CA5255C050D00E89ABB /* NSObject+Traits.swift */,
			);
			path = "Base UI";
			sourceTree = "<group>";
		};
		E4CB73FD255D157D0017A499 /* Validation */ = {
			isa = PBXGroup;
			children = (
				E4CB73FE255D158E0017A499 /* ValidationError.swift */,
				E4CB7406255D15B60017A499 /* ValidatorType.swift */,
				E4CB7413255D19B20017A499 /* Validators.swift */,
				E4A670442563B3980057083C /* PaymentCardValidator.swift */,
			);
			path = Validation;
			sourceTree = "<group>";
		};
		E4CB7420255D23220017A499 /* General General */ = {
			isa = PBXGroup;
			children = (
				F9EA04F3252C90E500DC288B /* RoundedButton.swift */,
				F9EA049A252C858500DC288B /* RoundedView.swift */,
				E4CB7422255D23450017A499 /* ScrollContainerView.swift */,
			);
			path = "General General";
			sourceTree = "<group>";
		};
		E4CB7421255D23300017A499 /* Headers and Footers */ = {
			isa = PBXGroup;
			children = (
				E496B243255B2135001BEC0F /* Collection With TItle */,
			);
			path = "Headers and Footers";
			sourceTree = "<group>";
		};
		E4E68123255D431C0051D52D /* Location Picker */ = {
			isa = PBXGroup;
			children = (
				E4E68137255D435E0051D52D /* LocationPickerViewController.swift */,
				E4E68136255D435E0051D52D /* LocationSearchResultsViewController.swift */,
				E4E68135255D435D0051D52D /* LocationSearchHistoryManager.swift */,
				E4E68138255D435E0051D52D /* Location.swift */,
			);
			path = "Location Picker";
			sourceTree = "<group>";
		};
		E4FF49852560F0ED00B4CBC4 /* Cells */ = {
			isa = PBXGroup;
			children = (
			);
			path = Cells;
			sourceTree = "<group>";
		};
		E4FF498A2560F42F00B4CBC4 /* New Distributer */ = {
			isa = PBXGroup;
			children = (
				E4FF498B2560F43900B4CBC4 /* NewDistributerViewController.swift */,
				E4FF49A02561087700B4CBC4 /* NewDistributerViewController+Cards.swift */,
				E4FF49932560F45800B4CBC4 /* NewDistributerContentView.swift */,
			);
			path = "New Distributer";
			sourceTree = "<group>";
		};
		F9571B84252CDD9E0090C285 /* Resources */ = {
			isa = PBXGroup;
			children = (
				F9571B8D252CEA700090C285 /* Fonts */,
				F96B85252529A05800CEDCF8 /* Main.storyboard */,
				F96B85282529A05A00CEDCF8 /* Assets.xcassets */,
				F96B852A2529A05A00CEDCF8 /* LaunchScreen.storyboard */,
				F96B852D2529A05A00CEDCF8 /* Info.plist */,
				F9F842F7252A2BAD00593C8A /* Localizable.strings */,
			);
			path = Resources;
			sourceTree = "<group>";
		};
		F9571B8D252CEA700090C285 /* Fonts */ = {
			isa = PBXGroup;
			children = (
				F9571B8E252CEA700090C285 /* English */,
				F9571B97252CEA700090C285 /* Arabic */,
			);
			path = Fonts;
			sourceTree = "<group>";
		};
		F9571B8E252CEA700090C285 /* English */ = {
			isa = PBXGroup;
			children = (
				F9571B90252CEA700090C285 /* SFUIDisplay-Light.ttf */,
				F9571B92252CEA700090C285 /* SFUIDisplay-Ultralight.ttf */,
				F9571B94252CEA700090C285 /* SFUIDisplay-Thin.ttf */,
				F9571B95252CEA700090C285 /* SFUIDisplay-Medium.ttf */,
				F9571B91252CEA700090C285 /* SFUIDisplay-Semibold.ttf */,
				F9571B93252CEA700090C285 /* SFUIDisplay-Bold.ttf */,
				F9571B96252CEA700090C285 /* SFUIDisplay-Black.ttf */,
				F9571B8F252CEA700090C285 /* SFUIDisplay-Heavy.ttf */,
			);
			path = English;
			sourceTree = "<group>";
		};
		F9571B97252CEA700090C285 /* Arabic */ = {
			isa = PBXGroup;
			children = (
				F9571B98252CEA700090C285 /* DIN NEXT™ ARABIC MEDIUM .otf */,
				F9571B99252CEA700090C285 /* DIN NEXT™ ARABIC BLACK.otf */,
				F9571B9A252CEA700090C285 /* DIN NEXT™ ARABIC ULTRALIGHT.otf */,
				F9571B9B252CEA700090C285 /* DIN NEXT™ ARABIC REGULAR.otf */,
				F9571B9C252CEA700090C285 /* DIN NEXT™ ARABIC HEAVY.otf */,
				F9571B9D252CEA700090C285 /* DIN NEXT™ ARABIC BOLD.otf */,
				F9571B9E252CEA700090C285 /* DIN NEXT™ ARABIC LIGHT.otf */,
			);
			path = Arabic;
			sourceTree = "<group>";
		};
		F96B85132529A05700CEDCF8 = {
			isa = PBXGroup;
			children = (
				F96B851E2529A05700CEDCF8 /* talabyeh */,
				F96B85352529A05A00CEDCF8 /* talabyehTests */,
				F96B85402529A05A00CEDCF8 /* talabyehUITests */,
				F96B851D2529A05700CEDCF8 /* Products */,
				49B3970693CE32916BB48D79 /* Pods */,
				8E66964D552BF985ECDBBE53 /* Frameworks */,
			);
			sourceTree = "<group>";
		};
		F96B851D2529A05700CEDCF8 /* Products */ = {
			isa = PBXGroup;
			children = (
				F96B851C2529A05700CEDCF8 /* talabyeh.app */,
				F96B85322529A05A00CEDCF8 /* talabyehTests.xctest */,
				F96B853D2529A05A00CEDCF8 /* talabyehUITests.xctest */,
			);
			name = Products;
			sourceTree = "<group>";
		};
		F96B851E2529A05700CEDCF8 /* talabyeh */ = {
			isa = PBXGroup;
			children = (
				F96B851F2529A05800CEDCF8 /* AppDelegate.swift */,
				E4C705F0255BBF2900DD29E3 /* Coordinators */,
				E496B247255B213E001BEC0F /* Services */,
				E496B242255B2115001BEC0F /* Extensions */,
				E496B235255B2079001BEC0F /* Networking */,
				F98D0E8A252F786200D46EE9 /* View Controllers */,
				F98D0E72252F171000D46EE9 /* Components */,
				F9571B84252CDD9E0090C285 /* Resources */,
			);
			path = talabyeh;
			sourceTree = "<group>";
		};
		F96B85352529A05A00CEDCF8 /* talabyehTests */ = {
			isa = PBXGroup;
			children = (
				F96B85362529A05A00CEDCF8 /* talabyehTests.swift */,
				F96B85382529A05A00CEDCF8 /* Info.plist */,
			);
			path = talabyehTests;
			sourceTree = "<group>";
		};
		F96B85402529A05A00CEDCF8 /* talabyehUITests */ = {
			isa = PBXGroup;
			children = (
				F96B85412529A05A00CEDCF8 /* talabyehUITests.swift */,
				F96B85432529A05A00CEDCF8 /* Info.plist */,
			);
			path = talabyehUITests;
			sourceTree = "<group>";
		};
		F98D0E72252F171000D46EE9 /* Components */ = {
			isa = PBXGroup;
			children = (
				E4FF49852560F0ED00B4CBC4 /* Cells */,
				E4CB7421255D23300017A499 /* Headers and Footers */,
				E4CB7420255D23220017A499 /* General General */,
				E4000CDD255C101600E89ABB /* App General */,
				E496B2D6255B2D39001BEC0F /* Buttons */,
				E496B2C3255B298A001BEC0F /* Text Field */,
			);
			path = Components;
			sourceTree = "<group>";
		};
		F98D0E8A252F786200D46EE9 /* View Controllers */ = {
			isa = PBXGroup;
			children = (
				E4C705D0255BB67500DD29E3 /* Pickers */,
				E4A6703D2563B0910057083C /* Distributers */,
				E4FF498A2560F42F00B4CBC4 /* New Distributer */,
				E496B239255B20B0001BEC0F /* Authentication Flow */,
				E496B23E255B20EF001BEC0F /* Profile Flow */,
				E496B23A255B20E8001BEC0F /* Market Flow */,
			);
			path = "View Controllers";
			sourceTree = "<group>";
		};
		F990A3822540822B00ABC4CF /* Sign Up Wizard */ = {
			isa = PBXGroup;
			children = (
				F98D0E53252DE6F200D46EE9 /* SignUpWizardViewController.swift */,
				F98D0E58252DE73500D46EE9 /* SignUpWizardView.swift */,
			);
			path = "Sign Up Wizard";
			sourceTree = "<group>";
		};
		F990A3832540824000ABC4CF /* Sign In */ = {
			isa = PBXGroup;
			children = (
				F9CC27C525332B6B00408FDA /* SignInViewController.swift */,
				F9CC27CA25332B8900408FDA /* SignInView.swift */,
			);
			path = "Sign In";
			sourceTree = "<group>";
		};
		F990A3842540825800ABC4CF /* Sign Up Categories Selection */ = {
			isa = PBXGroup;
			children = (
				F93B1FE125373DAE00E48657 /* SignUpCategoriesListViewController.swift */,
				E496B25F255B22A2001BEC0F /* SignUpCategoriesListView.swift */,
			);
			path = "Sign Up Categories Selection";
			sourceTree = "<group>";
		};
/* End PBXGroup section */

/* Begin PBXNativeTarget section */
		F96B851B2529A05700CEDCF8 /* talabyeh */ = {
			isa = PBXNativeTarget;
			buildConfigurationList = F96B85462529A05A00CEDCF8 /* Build configuration list for PBXNativeTarget "talabyeh" */;
			buildPhases = (
				52999C49E0FF3FFDA10342FF /* [CP] Check Pods Manifest.lock */,
				F96B85182529A05700CEDCF8 /* Sources */,
				F96B85192529A05700CEDCF8 /* Frameworks */,
				F96B851A2529A05700CEDCF8 /* Resources */,
				25652F5107BF26C4959B8633 /* [CP] Embed Pods Frameworks */,
			);
			buildRules = (
			);
			dependencies = (
			);
			name = talabyeh;
			packageProductDependencies = (
				F98D0E5E252DEDAF00D46EE9 /* Stevia */,
			);
			productName = talabyeh;
			productReference = F96B851C2529A05700CEDCF8 /* talabyeh.app */;
			productType = "com.apple.product-type.application";
		};
		F96B85312529A05A00CEDCF8 /* talabyehTests */ = {
			isa = PBXNativeTarget;
			buildConfigurationList = F96B85492529A05A00CEDCF8 /* Build configuration list for PBXNativeTarget "talabyehTests" */;
			buildPhases = (
				257E7A74176DD1A65D631F5A /* [CP] Check Pods Manifest.lock */,
				F96B852E2529A05A00CEDCF8 /* Sources */,
				F96B852F2529A05A00CEDCF8 /* Frameworks */,
				F96B85302529A05A00CEDCF8 /* Resources */,
			);
			buildRules = (
			);
			dependencies = (
				F96B85342529A05A00CEDCF8 /* PBXTargetDependency */,
			);
			name = talabyehTests;
			productName = talabyehTests;
			productReference = F96B85322529A05A00CEDCF8 /* talabyehTests.xctest */;
			productType = "com.apple.product-type.bundle.unit-test";
		};
		F96B853C2529A05A00CEDCF8 /* talabyehUITests */ = {
			isa = PBXNativeTarget;
			buildConfigurationList = F96B854C2529A05A00CEDCF8 /* Build configuration list for PBXNativeTarget "talabyehUITests" */;
			buildPhases = (
				ADDFAED456A2C55CF8652432 /* [CP] Check Pods Manifest.lock */,
				F96B85392529A05A00CEDCF8 /* Sources */,
				F96B853A2529A05A00CEDCF8 /* Frameworks */,
				F96B853B2529A05A00CEDCF8 /* Resources */,
				19F38893168A7DC093D78565 /* [CP] Embed Pods Frameworks */,
			);
			buildRules = (
			);
			dependencies = (
				F96B853F2529A05A00CEDCF8 /* PBXTargetDependency */,
			);
			name = talabyehUITests;
			productName = talabyehUITests;
			productReference = F96B853D2529A05A00CEDCF8 /* talabyehUITests.xctest */;
			productType = "com.apple.product-type.bundle.ui-testing";
		};
/* End PBXNativeTarget section */

/* Begin PBXProject section */
		F96B85142529A05700CEDCF8 /* Project object */ = {
			isa = PBXProject;
			attributes = {
				LastSwiftUpdateCheck = 1150;
				LastUpgradeCheck = 1210;
				ORGANIZATIONNAME = Dominate;
				TargetAttributes = {
					F96B851B2529A05700CEDCF8 = {
						CreatedOnToolsVersion = 11.5;
					};
					F96B85312529A05A00CEDCF8 = {
						CreatedOnToolsVersion = 11.5;
						TestTargetID = F96B851B2529A05700CEDCF8;
					};
					F96B853C2529A05A00CEDCF8 = {
						CreatedOnToolsVersion = 11.5;
						TestTargetID = F96B851B2529A05700CEDCF8;
					};
				};
			};
			buildConfigurationList = F96B85172529A05700CEDCF8 /* Build configuration list for PBXProject "talabyeh" */;
			compatibilityVersion = "Xcode 9.3";
			developmentRegion = en;
			hasScannedForEncodings = 0;
			knownRegions = (
				en,
				Base,
				ar,
			);
			mainGroup = F96B85132529A05700CEDCF8;
			packageReferences = (
				F98D0E5D252DEDAF00D46EE9 /* XCRemoteSwiftPackageReference "Stevia" */,
			);
			productRefGroup = F96B851D2529A05700CEDCF8 /* Products */;
			projectDirPath = "";
			projectRoot = "";
			targets = (
				F96B851B2529A05700CEDCF8 /* talabyeh */,
				F96B85312529A05A00CEDCF8 /* talabyehTests */,
				F96B853C2529A05A00CEDCF8 /* talabyehUITests */,
			);
		};
/* End PBXProject section */

/* Begin PBXResourcesBuildPhase section */
		F96B851A2529A05700CEDCF8 /* Resources */ = {
			isa = PBXResourcesBuildPhase;
			buildActionMask = 2147483647;
			files = (
				F9571BA2252CEA700090C285 /* SFUIDisplay-Ultralight.ttf in Resources */,
				F96B852C2529A05A00CEDCF8 /* LaunchScreen.storyboard in Resources */,
				F9E2AF9A254C6619000A93CC /* CollectionViewWithTitleView.xib in Resources */,
				F9571BA5252CEA700090C285 /* SFUIDisplay-Medium.ttf in Resources */,
				F9571BAD252CEA700090C285 /* DIN NEXT™ ARABIC LIGHT.otf in Resources */,
				F9571BAC252CEA700090C285 /* DIN NEXT™ ARABIC BOLD.otf in Resources */,
				F9571BAA252CEA700090C285 /* DIN NEXT™ ARABIC REGULAR.otf in Resources */,
				F9571BA3252CEA700090C285 /* SFUIDisplay-Bold.ttf in Resources */,
				F9571BA6252CEA700090C285 /* SFUIDisplay-Black.ttf in Resources */,
				F9571BA1252CEA700090C285 /* SFUIDisplay-Semibold.ttf in Resources */,
				F9571BA0252CEA700090C285 /* SFUIDisplay-Light.ttf in Resources */,
				F9F842F5252A2BAD00593C8A /* Localizable.strings in Resources */,
				F96B85292529A05A00CEDCF8 /* Assets.xcassets in Resources */,
				F9571BAB252CEA700090C285 /* DIN NEXT™ ARABIC HEAVY.otf in Resources */,
				F9571BA7252CEA700090C285 /* DIN NEXT™ ARABIC MEDIUM .otf in Resources */,
				E4000CEC255C153300E89ABB /* Authentication.storyboard in Resources */,
				F96B85272529A05800CEDCF8 /* Main.storyboard in Resources */,
				F9571B9F252CEA700090C285 /* SFUIDisplay-Heavy.ttf in Resources */,
				F9571BA8252CEA700090C285 /* DIN NEXT™ ARABIC BLACK.otf in Resources */,
				F9571BA9252CEA700090C285 /* DIN NEXT™ ARABIC ULTRALIGHT.otf in Resources */,
				F9571BA4252CEA700090C285 /* SFUIDisplay-Thin.ttf in Resources */,
			);
			runOnlyForDeploymentPostprocessing = 0;
		};
		F96B85302529A05A00CEDCF8 /* Resources */ = {
			isa = PBXResourcesBuildPhase;
			buildActionMask = 2147483647;
			files = (
			);
			runOnlyForDeploymentPostprocessing = 0;
		};
		F96B853B2529A05A00CEDCF8 /* Resources */ = {
			isa = PBXResourcesBuildPhase;
			buildActionMask = 2147483647;
			files = (
			);
			runOnlyForDeploymentPostprocessing = 0;
		};
/* End PBXResourcesBuildPhase section */

/* Begin PBXShellScriptBuildPhase section */
		19F38893168A7DC093D78565 /* [CP] Embed Pods Frameworks */ = {
			isa = PBXShellScriptBuildPhase;
			buildActionMask = 2147483647;
			files = (
			);
			inputFileListPaths = (
				"${PODS_ROOT}/Target Support Files/Pods-talabyeh-talabyehUITests/Pods-talabyeh-talabyehUITests-frameworks-${CONFIGURATION}-input-files.xcfilelist",
			);
			name = "[CP] Embed Pods Frameworks";
			outputFileListPaths = (
				"${PODS_ROOT}/Target Support Files/Pods-talabyeh-talabyehUITests/Pods-talabyeh-talabyehUITests-frameworks-${CONFIGURATION}-output-files.xcfilelist",
			);
			runOnlyForDeploymentPostprocessing = 0;
			shellPath = /bin/sh;
			shellScript = "\"${PODS_ROOT}/Target Support Files/Pods-talabyeh-talabyehUITests/Pods-talabyeh-talabyehUITests-frameworks.sh\"\n";
			showEnvVarsInLog = 0;
		};
		25652F5107BF26C4959B8633 /* [CP] Embed Pods Frameworks */ = {
			isa = PBXShellScriptBuildPhase;
			buildActionMask = 2147483647;
			files = (
			);
			inputFileListPaths = (
				"${PODS_ROOT}/Target Support Files/Pods-talabyeh/Pods-talabyeh-frameworks-${CONFIGURATION}-input-files.xcfilelist",
			);
			name = "[CP] Embed Pods Frameworks";
			outputFileListPaths = (
				"${PODS_ROOT}/Target Support Files/Pods-talabyeh/Pods-talabyeh-frameworks-${CONFIGURATION}-output-files.xcfilelist",
			);
			runOnlyForDeploymentPostprocessing = 0;
			shellPath = /bin/sh;
			shellScript = "\"${PODS_ROOT}/Target Support Files/Pods-talabyeh/Pods-talabyeh-frameworks.sh\"\n";
			showEnvVarsInLog = 0;
		};
		257E7A74176DD1A65D631F5A /* [CP] Check Pods Manifest.lock */ = {
			isa = PBXShellScriptBuildPhase;
			buildActionMask = 2147483647;
			files = (
			);
			inputFileListPaths = (
			);
			inputPaths = (
				"${PODS_PODFILE_DIR_PATH}/Podfile.lock",
				"${PODS_ROOT}/Manifest.lock",
			);
			name = "[CP] Check Pods Manifest.lock";
			outputFileListPaths = (
			);
			outputPaths = (
				"$(DERIVED_FILE_DIR)/Pods-talabyehTests-checkManifestLockResult.txt",
			);
			runOnlyForDeploymentPostprocessing = 0;
			shellPath = /bin/sh;
			shellScript = "diff \"${PODS_PODFILE_DIR_PATH}/Podfile.lock\" \"${PODS_ROOT}/Manifest.lock\" > /dev/null\nif [ $? != 0 ] ; then\n    # print error to STDERR\n    echo \"error: The sandbox is not in sync with the Podfile.lock. Run 'pod install' or update your CocoaPods installation.\" >&2\n    exit 1\nfi\n# This output is used by Xcode 'outputs' to avoid re-running this script phase.\necho \"SUCCESS\" > \"${SCRIPT_OUTPUT_FILE_0}\"\n";
			showEnvVarsInLog = 0;
		};
		52999C49E0FF3FFDA10342FF /* [CP] Check Pods Manifest.lock */ = {
			isa = PBXShellScriptBuildPhase;
			buildActionMask = 2147483647;
			files = (
			);
			inputFileListPaths = (
			);
			inputPaths = (
				"${PODS_PODFILE_DIR_PATH}/Podfile.lock",
				"${PODS_ROOT}/Manifest.lock",
			);
			name = "[CP] Check Pods Manifest.lock";
			outputFileListPaths = (
			);
			outputPaths = (
				"$(DERIVED_FILE_DIR)/Pods-talabyeh-checkManifestLockResult.txt",
			);
			runOnlyForDeploymentPostprocessing = 0;
			shellPath = /bin/sh;
			shellScript = "diff \"${PODS_PODFILE_DIR_PATH}/Podfile.lock\" \"${PODS_ROOT}/Manifest.lock\" > /dev/null\nif [ $? != 0 ] ; then\n    # print error to STDERR\n    echo \"error: The sandbox is not in sync with the Podfile.lock. Run 'pod install' or update your CocoaPods installation.\" >&2\n    exit 1\nfi\n# This output is used by Xcode 'outputs' to avoid re-running this script phase.\necho \"SUCCESS\" > \"${SCRIPT_OUTPUT_FILE_0}\"\n";
			showEnvVarsInLog = 0;
		};
		ADDFAED456A2C55CF8652432 /* [CP] Check Pods Manifest.lock */ = {
			isa = PBXShellScriptBuildPhase;
			buildActionMask = 2147483647;
			files = (
			);
			inputFileListPaths = (
			);
			inputPaths = (
				"${PODS_PODFILE_DIR_PATH}/Podfile.lock",
				"${PODS_ROOT}/Manifest.lock",
			);
			name = "[CP] Check Pods Manifest.lock";
			outputFileListPaths = (
			);
			outputPaths = (
				"$(DERIVED_FILE_DIR)/Pods-talabyeh-talabyehUITests-checkManifestLockResult.txt",
			);
			runOnlyForDeploymentPostprocessing = 0;
			shellPath = /bin/sh;
			shellScript = "diff \"${PODS_PODFILE_DIR_PATH}/Podfile.lock\" \"${PODS_ROOT}/Manifest.lock\" > /dev/null\nif [ $? != 0 ] ; then\n    # print error to STDERR\n    echo \"error: The sandbox is not in sync with the Podfile.lock. Run 'pod install' or update your CocoaPods installation.\" >&2\n    exit 1\nfi\n# This output is used by Xcode 'outputs' to avoid re-running this script phase.\necho \"SUCCESS\" > \"${SCRIPT_OUTPUT_FILE_0}\"\n";
			showEnvVarsInLog = 0;
		};
/* End PBXShellScriptBuildPhase section */

/* Begin PBXSourcesBuildPhase section */
		F96B85182529A05700CEDCF8 /* Sources */ = {
			isa = PBXSourcesBuildPhase;
			buildActionMask = 2147483647;
			files = (
				E4C705B0255BB18100DD29E3 /* ScreenMessagePresenterType.swift in Sources */,
				F9EA04F4252C90E500DC288B /* RoundedButton.swift in Sources */,
				E496B2CF255B2B10001BEC0F /* BorderedTextField.swift in Sources */,
				F990A388254082C500ABC4CF /* DistributorSignUpView.swift in Sources */,
				E4E68139255D435E0051D52D /* LocationSearchHistoryManager.swift in Sources */,
				E450C2492563CA3600F6F392 /* DistributersListCoordinator.swift in Sources */,
				E496B2A4255B2730001BEC0F /* ColorsProviderType.swift in Sources */,
				E4CB7419255D20C80017A499 /* PickerTextField.swift in Sources */,
				E4000CC6255C08DF00E89ABB /* MarketCategoryCell.swift in Sources */,
				E450C2542563CFE500F6F392 /* DistributerCollectionViewCell.swift in Sources */,
				E496B249255B214C001BEC0F /* FontProviderType.swift in Sources */,
				E4000CDF255C106700E89ABB /* PickerPlaceholderView.swift in Sources */,
				E4FF49992561021F00B4CBC4 /* BasicTextField.swift in Sources */,
				E4A670392563AAF60057083C /* ProfileMenuItem.swift in Sources */,
				E4C70612255BC44900DD29E3 /* NibInstantiatable.swift in Sources */,
				E4C705C6255BB2FA00DD29E3 /* UISearchBar+Additions.swift in Sources */,
				F96B85242529A05800CEDCF8 /* RegistrationViewController.swift in Sources */,
				E4000CA1255C020800E89ABB /* ProfileTableViewCell.swift in Sources */,
				E496B2E2255B2D4A001BEC0F /* ActionButton.swift in Sources */,
				E4000C91255BFF5900E89ABB /* MarketCoordinator.swift in Sources */,
				E4A670702563C2A60057083C /* CreditCardNumberTextField.swift in Sources */,
				E496B2CA255B2ABF001BEC0F /* ValidationTextField.swift in Sources */,
				F98D0E54252DE6F200D46EE9 /* SignUpWizardViewController.swift in Sources */,
				E4E6813A255D435E0051D52D /* LocationSearchResultsViewController.swift in Sources */,
				E4CB7423255D23450017A499 /* ScrollContainerView.swift in Sources */,
				E4C705EC255BBD6100DD29E3 /* UIImage+Addtions.swift in Sources */,
				E4000CCB255C090D00E89ABB /* ResultsController.swift in Sources */,
				E4A6704A2563B52A0057083C /* MonthPickerTextField.swift in Sources */,
				E4E6813C255D435E0051D52D /* Location.swift in Sources */,
				E4C70617255BC45800DD29E3 /* Identifiable.swift in Sources */,
				F990A386254082AB00ABC4CF /* DistributorSignUpViewController.swift in Sources */,
				E496B2F9255B2FBB001BEC0F /* NetworkConfiguration.swift in Sources */,
				E4A670782563C3580057083C /* UIViewController+Extensions.swift in Sources */,
				E4000CF7255C174600E89ABB /* CoordinatorTransitionType.swift in Sources */,
				E4FF498C2560F43900B4CBC4 /* NewDistributerViewController.swift in Sources */,
				E4000CA6255C050D00E89ABB /* NSObject+Traits.swift in Sources */,
				E4151D7525626904009F1D45 /* TimeRangePickerTextField.swift in Sources */,
				E496B2C5255B29A3001BEC0F /* InsetedTextField.swift in Sources */,
				F96B85202529A05800CEDCF8 /* AppDelegate.swift in Sources */,
				E450C24E2563CA5800F6F392 /* DistributersListViewController.swift in Sources */,
				F96B85502529B67200CEDCF8 /* ChangeLanguageViewController.swift in Sources */,
				E4A670452563B3980057083C /* PaymentCardValidator.swift in Sources */,
				E4FF49942560F45800B4CBC4 /* NewDistributerContentView.swift in Sources */,
				E4CB73FF255D158E0017A499 /* ValidationError.swift in Sources */,
				E4E68147255D481D0051D52D /* SampleSignupViewController.swift in Sources */,
				E496B260255B22A2001BEC0F /* SignUpCategoriesListView.swift in Sources */,
				E4C70608255BBFFC00DD29E3 /* NavigationController.swift in Sources */,
				E4E68106255D3B570051D52D /* ImagePickerController.swift in Sources */,
				E4E6811F255D40080051D52D /* BottomNextButtonView.swift in Sources */,
				E4C7060D255BC43600DD29E3 /* ReusableCell.swift in Sources */,
				E496B2B6255B28C0001BEC0F /* UIView+Additions.swift in Sources */,
				E496B2DD255B2D44001BEC0F /* BorderedButton.swift in Sources */,
				E4E6810B255D3B700051D52D /* LocationPickerController.swift in Sources */,
				F9EA049B252C858500DC288B /* RoundedView.swift in Sources */,
				E4000C99255C00B000E89ABB /* ProfileCoordinator.swift in Sources */,
				F9E2AF95254C6611000A93CC /* CollectionViewWithTitleView.swift in Sources */,
				E496B2FE255B3088001BEC0F /* Moya+DefaultProvider.swift in Sources */,
				E4CB7407255D15B60017A499 /* ValidatorType.swift in Sources */,
				E4E6813B255D435E0051D52D /* LocationPickerViewController.swift in Sources */,
				E4CB7414255D19B20017A499 /* Validators.swift in Sources */,
				E4FF49A12561087700B4CBC4 /* NewDistributerViewController+Cards.swift in Sources */,
				F94608EE2545D91600C74D95 /* ProfilePageView.swift in Sources */,
				E4C70603255BBFCD00DD29E3 /* TabBarController.swift in Sources */,
				F9CC27C625332B6B00408FDA /* SignInViewController.swift in Sources */,
				F94608F32545D92B00C74D95 /* ProfilePageViewController.swift in Sources */,
				F9F65B91254F205300D347D6 /* MarketScreenView.swift in Sources */,
				E496B2D8255B2D3F001BEC0F /* BackButton.swift in Sources */,
				E496B2AC255B2771001BEC0F /* UIColor+Additions.swift in Sources */,
				E4000CD3255C095900E89ABB /* AuthenticationCoordinator.swift in Sources */,
				E4C705F7255BBF8200DD29E3 /* TabBarCoordinator.swift in Sources */,
				F98D0E59252DE73500D46EE9 /* SignUpWizardView.swift in Sources */,
				E4C705F2255BBF5400DD29E3 /* CoordinatorType.swift in Sources */,
				E4CB740C255D18610017A499 /* PasswordTextField.swift in Sources */,
				E4C705AB255BB06E00DD29E3 /* ScreenBlockingLoaderType.swift in Sources */,
				E4151D7A25626910009F1D45 /* WeekdaysRangePickerTextField.swift in Sources */,
				E4000CC1255C08AA00E89ABB /* ItemCell2.swift in Sources */,
				E4000CBC255C089800E89ABB /* ItemCell.swift in Sources */,
				F9F65B8C254F1FD300D347D6 /* MarketViewController.swift in Sources */,
				E496B2F1255B2ED9001BEC0F /* GeneralRoutes.swift in Sources */,
				F9EA0496252C83E800DC288B /* MainSignUpViewController.swift in Sources */,
				E4FF49A6256115CA00B4CBC4 /* NumbersTextFields.swift in Sources */,
				E4A6704F2563B5310057083C /* YearPickerTextField.swift in Sources */,
				F93B1FE225373DAE00E48657 /* SignUpCategoriesListViewController.swift in Sources */,
				F9CC27CB25332B8900408FDA /* SignInView.swift in Sources */,
				E4000CE7255C121900E89ABB /* UIStackView+Additions.swift in Sources */,
			);
			runOnlyForDeploymentPostprocessing = 0;
		};
		F96B852E2529A05A00CEDCF8 /* Sources */ = {
			isa = PBXSourcesBuildPhase;
			buildActionMask = 2147483647;
			files = (
				F96B85372529A05A00CEDCF8 /* talabyehTests.swift in Sources */,
			);
			runOnlyForDeploymentPostprocessing = 0;
		};
		F96B85392529A05A00CEDCF8 /* Sources */ = {
			isa = PBXSourcesBuildPhase;
			buildActionMask = 2147483647;
			files = (
				F96B85422529A05A00CEDCF8 /* talabyehUITests.swift in Sources */,
			);
			runOnlyForDeploymentPostprocessing = 0;
		};
/* End PBXSourcesBuildPhase section */

/* Begin PBXTargetDependency section */
		F96B85342529A05A00CEDCF8 /* PBXTargetDependency */ = {
			isa = PBXTargetDependency;
			target = F96B851B2529A05700CEDCF8 /* talabyeh */;
			targetProxy = F96B85332529A05A00CEDCF8 /* PBXContainerItemProxy */;
		};
		F96B853F2529A05A00CEDCF8 /* PBXTargetDependency */ = {
			isa = PBXTargetDependency;
			target = F96B851B2529A05700CEDCF8 /* talabyeh */;
			targetProxy = F96B853E2529A05A00CEDCF8 /* PBXContainerItemProxy */;
		};
/* End PBXTargetDependency section */

/* Begin PBXVariantGroup section */
		F96B85252529A05800CEDCF8 /* Main.storyboard */ = {
			isa = PBXVariantGroup;
			children = (
				F96B85262529A05800CEDCF8 /* Base */,
				F9F842F1252A2B2400593C8A /* ar */,
			);
			name = Main.storyboard;
			sourceTree = "<group>";
		};
		F96B852A2529A05A00CEDCF8 /* LaunchScreen.storyboard */ = {
			isa = PBXVariantGroup;
			children = (
				F96B852B2529A05A00CEDCF8 /* Base */,
				F9F842F2252A2B2400593C8A /* ar */,
			);
			name = LaunchScreen.storyboard;
			sourceTree = "<group>";
		};
		F9F842F7252A2BAD00593C8A /* Localizable.strings */ = {
			isa = PBXVariantGroup;
			children = (
				F9F842F6252A2BAD00593C8A /* en */,
				F9F842F8252A2BAF00593C8A /* ar */,
			);
			name = Localizable.strings;
			sourceTree = "<group>";
		};
/* End PBXVariantGroup section */

/* Begin XCBuildConfiguration section */
		F96B85442529A05A00CEDCF8 /* Debug */ = {
			isa = XCBuildConfiguration;
			buildSettings = {
				ALWAYS_SEARCH_USER_PATHS = NO;
				CLANG_ANALYZER_LOCALIZABILITY_NONLOCALIZED = YES;
				CLANG_ANALYZER_NONNULL = YES;
				CLANG_ANALYZER_NUMBER_OBJECT_CONVERSION = YES_AGGRESSIVE;
				CLANG_CXX_LANGUAGE_STANDARD = "gnu++14";
				CLANG_CXX_LIBRARY = "libc++";
				CLANG_ENABLE_MODULES = YES;
				CLANG_ENABLE_OBJC_ARC = YES;
				CLANG_ENABLE_OBJC_WEAK = YES;
				CLANG_WARN_BLOCK_CAPTURE_AUTORELEASING = YES;
				CLANG_WARN_BOOL_CONVERSION = YES;
				CLANG_WARN_COMMA = YES;
				CLANG_WARN_CONSTANT_CONVERSION = YES;
				CLANG_WARN_DEPRECATED_OBJC_IMPLEMENTATIONS = YES;
				CLANG_WARN_DIRECT_OBJC_ISA_USAGE = YES_ERROR;
				CLANG_WARN_DOCUMENTATION_COMMENTS = YES;
				CLANG_WARN_EMPTY_BODY = YES;
				CLANG_WARN_ENUM_CONVERSION = YES;
				CLANG_WARN_INFINITE_RECURSION = YES;
				CLANG_WARN_INT_CONVERSION = YES;
				CLANG_WARN_NON_LITERAL_NULL_CONVERSION = YES;
				CLANG_WARN_OBJC_IMPLICIT_RETAIN_SELF = YES;
				CLANG_WARN_OBJC_LITERAL_CONVERSION = YES;
				CLANG_WARN_OBJC_ROOT_CLASS = YES_ERROR;
				CLANG_WARN_QUOTED_INCLUDE_IN_FRAMEWORK_HEADER = YES;
				CLANG_WARN_RANGE_LOOP_ANALYSIS = YES;
				CLANG_WARN_STRICT_PROTOTYPES = YES;
				CLANG_WARN_SUSPICIOUS_MOVE = YES;
				CLANG_WARN_UNGUARDED_AVAILABILITY = YES_AGGRESSIVE;
				CLANG_WARN_UNREACHABLE_CODE = YES;
				CLANG_WARN__DUPLICATE_METHOD_MATCH = YES;
				COPY_PHASE_STRIP = NO;
				DEBUG_INFORMATION_FORMAT = dwarf;
				ENABLE_STRICT_OBJC_MSGSEND = YES;
				ENABLE_TESTABILITY = YES;
				GCC_C_LANGUAGE_STANDARD = gnu11;
				GCC_DYNAMIC_NO_PIC = NO;
				GCC_NO_COMMON_BLOCKS = YES;
				GCC_OPTIMIZATION_LEVEL = 0;
				GCC_PREPROCESSOR_DEFINITIONS = (
					"DEBUG=1",
					"$(inherited)",
				);
				GCC_WARN_64_TO_32_BIT_CONVERSION = YES;
				GCC_WARN_ABOUT_RETURN_TYPE = YES_ERROR;
				GCC_WARN_UNDECLARED_SELECTOR = YES;
				GCC_WARN_UNINITIALIZED_AUTOS = YES_AGGRESSIVE;
				GCC_WARN_UNUSED_FUNCTION = YES;
				GCC_WARN_UNUSED_VARIABLE = YES;
				IPHONEOS_DEPLOYMENT_TARGET = 13.5;
				MTL_ENABLE_DEBUG_INFO = INCLUDE_SOURCE;
				MTL_FAST_MATH = YES;
				ONLY_ACTIVE_ARCH = YES;
				SDKROOT = iphoneos;
				SWIFT_ACTIVE_COMPILATION_CONDITIONS = DEBUG;
				SWIFT_OPTIMIZATION_LEVEL = "-Onone";
			};
			name = Debug;
		};
		F96B85452529A05A00CEDCF8 /* Release */ = {
			isa = XCBuildConfiguration;
			buildSettings = {
				ALWAYS_SEARCH_USER_PATHS = NO;
				CLANG_ANALYZER_LOCALIZABILITY_NONLOCALIZED = YES;
				CLANG_ANALYZER_NONNULL = YES;
				CLANG_ANALYZER_NUMBER_OBJECT_CONVERSION = YES_AGGRESSIVE;
				CLANG_CXX_LANGUAGE_STANDARD = "gnu++14";
				CLANG_CXX_LIBRARY = "libc++";
				CLANG_ENABLE_MODULES = YES;
				CLANG_ENABLE_OBJC_ARC = YES;
				CLANG_ENABLE_OBJC_WEAK = YES;
				CLANG_WARN_BLOCK_CAPTURE_AUTORELEASING = YES;
				CLANG_WARN_BOOL_CONVERSION = YES;
				CLANG_WARN_COMMA = YES;
				CLANG_WARN_CONSTANT_CONVERSION = YES;
				CLANG_WARN_DEPRECATED_OBJC_IMPLEMENTATIONS = YES;
				CLANG_WARN_DIRECT_OBJC_ISA_USAGE = YES_ERROR;
				CLANG_WARN_DOCUMENTATION_COMMENTS = YES;
				CLANG_WARN_EMPTY_BODY = YES;
				CLANG_WARN_ENUM_CONVERSION = YES;
				CLANG_WARN_INFINITE_RECURSION = YES;
				CLANG_WARN_INT_CONVERSION = YES;
				CLANG_WARN_NON_LITERAL_NULL_CONVERSION = YES;
				CLANG_WARN_OBJC_IMPLICIT_RETAIN_SELF = YES;
				CLANG_WARN_OBJC_LITERAL_CONVERSION = YES;
				CLANG_WARN_OBJC_ROOT_CLASS = YES_ERROR;
				CLANG_WARN_QUOTED_INCLUDE_IN_FRAMEWORK_HEADER = YES;
				CLANG_WARN_RANGE_LOOP_ANALYSIS = YES;
				CLANG_WARN_STRICT_PROTOTYPES = YES;
				CLANG_WARN_SUSPICIOUS_MOVE = YES;
				CLANG_WARN_UNGUARDED_AVAILABILITY = YES_AGGRESSIVE;
				CLANG_WARN_UNREACHABLE_CODE = YES;
				CLANG_WARN__DUPLICATE_METHOD_MATCH = YES;
				COPY_PHASE_STRIP = NO;
				DEBUG_INFORMATION_FORMAT = "dwarf-with-dsym";
				ENABLE_NS_ASSERTIONS = NO;
				ENABLE_STRICT_OBJC_MSGSEND = YES;
				GCC_C_LANGUAGE_STANDARD = gnu11;
				GCC_NO_COMMON_BLOCKS = YES;
				GCC_WARN_64_TO_32_BIT_CONVERSION = YES;
				GCC_WARN_ABOUT_RETURN_TYPE = YES_ERROR;
				GCC_WARN_UNDECLARED_SELECTOR = YES;
				GCC_WARN_UNINITIALIZED_AUTOS = YES_AGGRESSIVE;
				GCC_WARN_UNUSED_FUNCTION = YES;
				GCC_WARN_UNUSED_VARIABLE = YES;
				IPHONEOS_DEPLOYMENT_TARGET = 13.5;
				MTL_ENABLE_DEBUG_INFO = NO;
				MTL_FAST_MATH = YES;
				SDKROOT = iphoneos;
				SWIFT_COMPILATION_MODE = wholemodule;
				SWIFT_OPTIMIZATION_LEVEL = "-O";
				VALIDATE_PRODUCT = YES;
			};
			name = Release;
		};
		F96B85472529A05A00CEDCF8 /* Debug */ = {
			isa = XCBuildConfiguration;
			baseConfigurationReference = 113C0B5EA853912BDAA92C6B /* Pods-talabyeh.debug.xcconfig */;
			buildSettings = {
				ASSETCATALOG_COMPILER_APPICON_NAME = AppIcon;
				CODE_SIGN_STYLE = Automatic;
				DEVELOPMENT_TEAM = 445RDPUPND;
				INFOPLIST_FILE = talabyeh/Resources/Info.plist;
				IPHONEOS_DEPLOYMENT_TARGET = 13.0;
				LD_RUNPATH_SEARCH_PATHS = (
					"$(inherited)",
					"@executable_path/Frameworks",
				);
				PRODUCT_BUNDLE_IDENTIFIER = com.dominate.talabyeh;
				PRODUCT_NAME = "$(TARGET_NAME)";
				SWIFT_VERSION = 5.0;
				TARGETED_DEVICE_FAMILY = "1,2";
			};
			name = Debug;
		};
		F96B85482529A05A00CEDCF8 /* Release */ = {
			isa = XCBuildConfiguration;
			baseConfigurationReference = 6AAA51FBE740FA7A03A29768 /* Pods-talabyeh.release.xcconfig */;
			buildSettings = {
				ASSETCATALOG_COMPILER_APPICON_NAME = AppIcon;
				CODE_SIGN_STYLE = Automatic;
				DEVELOPMENT_TEAM = 445RDPUPND;
				INFOPLIST_FILE = talabyeh/Resources/Info.plist;
				IPHONEOS_DEPLOYMENT_TARGET = 13.0;
				LD_RUNPATH_SEARCH_PATHS = (
					"$(inherited)",
					"@executable_path/Frameworks",
				);
				PRODUCT_BUNDLE_IDENTIFIER = com.dominate.talabyeh;
				PRODUCT_NAME = "$(TARGET_NAME)";
				SWIFT_VERSION = 5.0;
				TARGETED_DEVICE_FAMILY = "1,2";
			};
			name = Release;
		};
		F96B854A2529A05A00CEDCF8 /* Debug */ = {
			isa = XCBuildConfiguration;
			baseConfigurationReference = AAC1EEA6F124DCF800E38E71 /* Pods-talabyehTests.debug.xcconfig */;
			buildSettings = {
				ALWAYS_EMBED_SWIFT_STANDARD_LIBRARIES = YES;
				BUNDLE_LOADER = "$(TEST_HOST)";
				CODE_SIGN_STYLE = Automatic;
				DEVELOPMENT_TEAM = Y2B78URM8Q;
				INFOPLIST_FILE = talabyehTests/Info.plist;
				IPHONEOS_DEPLOYMENT_TARGET = 13.5;
				LD_RUNPATH_SEARCH_PATHS = (
					"$(inherited)",
					"@executable_path/Frameworks",
					"@loader_path/Frameworks",
				);
				PRODUCT_BUNDLE_IDENTIFIER = com.convtech.talabyehTests;
				PRODUCT_NAME = "$(TARGET_NAME)";
				SWIFT_VERSION = 5.0;
				TARGETED_DEVICE_FAMILY = "1,2";
				TEST_HOST = "$(BUILT_PRODUCTS_DIR)/talabyeh.app/talabyeh";
			};
			name = Debug;
		};
		F96B854B2529A05A00CEDCF8 /* Release */ = {
			isa = XCBuildConfiguration;
			baseConfigurationReference = 02CABA4972B3765E56FFA07A /* Pods-talabyehTests.release.xcconfig */;
			buildSettings = {
				ALWAYS_EMBED_SWIFT_STANDARD_LIBRARIES = YES;
				BUNDLE_LOADER = "$(TEST_HOST)";
				CODE_SIGN_STYLE = Automatic;
				DEVELOPMENT_TEAM = Y2B78URM8Q;
				INFOPLIST_FILE = talabyehTests/Info.plist;
				IPHONEOS_DEPLOYMENT_TARGET = 13.5;
				LD_RUNPATH_SEARCH_PATHS = (
					"$(inherited)",
					"@executable_path/Frameworks",
					"@loader_path/Frameworks",
				);
				PRODUCT_BUNDLE_IDENTIFIER = com.convtech.talabyehTests;
				PRODUCT_NAME = "$(TARGET_NAME)";
				SWIFT_VERSION = 5.0;
				TARGETED_DEVICE_FAMILY = "1,2";
				TEST_HOST = "$(BUILT_PRODUCTS_DIR)/talabyeh.app/talabyeh";
			};
			name = Release;
		};
		F96B854D2529A05A00CEDCF8 /* Debug */ = {
			isa = XCBuildConfiguration;
			baseConfigurationReference = 5B804B548E3CDE79C3280297 /* Pods-talabyeh-talabyehUITests.debug.xcconfig */;
			buildSettings = {
				ALWAYS_EMBED_SWIFT_STANDARD_LIBRARIES = YES;
				CODE_SIGN_STYLE = Automatic;
				DEVELOPMENT_TEAM = Y2B78URM8Q;
				INFOPLIST_FILE = talabyehUITests/Info.plist;
				LD_RUNPATH_SEARCH_PATHS = (
					"$(inherited)",
					"@executable_path/Frameworks",
					"@loader_path/Frameworks",
				);
				PRODUCT_BUNDLE_IDENTIFIER = com.convtech.talabyehUITests;
				PRODUCT_NAME = "$(TARGET_NAME)";
				SWIFT_VERSION = 5.0;
				TARGETED_DEVICE_FAMILY = "1,2";
				TEST_TARGET_NAME = talabyeh;
			};
			name = Debug;
		};
		F96B854E2529A05A00CEDCF8 /* Release */ = {
			isa = XCBuildConfiguration;
			baseConfigurationReference = 8198DD651C626992FF8ADE61 /* Pods-talabyeh-talabyehUITests.release.xcconfig */;
			buildSettings = {
				ALWAYS_EMBED_SWIFT_STANDARD_LIBRARIES = YES;
				CODE_SIGN_STYLE = Automatic;
				DEVELOPMENT_TEAM = Y2B78URM8Q;
				INFOPLIST_FILE = talabyehUITests/Info.plist;
				LD_RUNPATH_SEARCH_PATHS = (
					"$(inherited)",
					"@executable_path/Frameworks",
					"@loader_path/Frameworks",
				);
				PRODUCT_BUNDLE_IDENTIFIER = com.convtech.talabyehUITests;
				PRODUCT_NAME = "$(TARGET_NAME)";
				SWIFT_VERSION = 5.0;
				TARGETED_DEVICE_FAMILY = "1,2";
				TEST_TARGET_NAME = talabyeh;
			};
			name = Release;
		};
/* End XCBuildConfiguration section */

/* Begin XCConfigurationList section */
		F96B85172529A05700CEDCF8 /* Build configuration list for PBXProject "talabyeh" */ = {
			isa = XCConfigurationList;
			buildConfigurations = (
				F96B85442529A05A00CEDCF8 /* Debug */,
				F96B85452529A05A00CEDCF8 /* Release */,
			);
			defaultConfigurationIsVisible = 0;
			defaultConfigurationName = Release;
		};
		F96B85462529A05A00CEDCF8 /* Build configuration list for PBXNativeTarget "talabyeh" */ = {
			isa = XCConfigurationList;
			buildConfigurations = (
				F96B85472529A05A00CEDCF8 /* Debug */,
				F96B85482529A05A00CEDCF8 /* Release */,
			);
			defaultConfigurationIsVisible = 0;
			defaultConfigurationName = Release;
		};
		F96B85492529A05A00CEDCF8 /* Build configuration list for PBXNativeTarget "talabyehTests" */ = {
			isa = XCConfigurationList;
			buildConfigurations = (
				F96B854A2529A05A00CEDCF8 /* Debug */,
				F96B854B2529A05A00CEDCF8 /* Release */,
			);
			defaultConfigurationIsVisible = 0;
			defaultConfigurationName = Release;
		};
		F96B854C2529A05A00CEDCF8 /* Build configuration list for PBXNativeTarget "talabyehUITests" */ = {
			isa = XCConfigurationList;
			buildConfigurations = (
				F96B854D2529A05A00CEDCF8 /* Debug */,
				F96B854E2529A05A00CEDCF8 /* Release */,
			);
			defaultConfigurationIsVisible = 0;
			defaultConfigurationName = Release;
		};
/* End XCConfigurationList section */

/* Begin XCRemoteSwiftPackageReference section */
		F98D0E5D252DEDAF00D46EE9 /* XCRemoteSwiftPackageReference "Stevia" */ = {
			isa = XCRemoteSwiftPackageReference;
			repositoryURL = "https://github.com/freshOS/Stevia";
			requirement = {
				kind = upToNextMajorVersion;
				minimumVersion = 5.1.0;
			};
		};
/* End XCRemoteSwiftPackageReference section */

/* Begin XCSwiftPackageProductDependency section */
		F98D0E5E252DEDAF00D46EE9 /* Stevia */ = {
			isa = XCSwiftPackageProductDependency;
			package = F98D0E5D252DEDAF00D46EE9 /* XCRemoteSwiftPackageReference "Stevia" */;
			productName = Stevia;
		};
/* End XCSwiftPackageProductDependency section */
	};
	rootObject = F96B85142529A05700CEDCF8 /* Project object */;
}
